// !$*UTF8*$!
{
	archiveVersion = 1;
	classes = {
	};
	objectVersion = 46;
	objects = {

/* Begin PBXBuildFile section */
		7155735B2001481DA0734471 /* libPods-BasePods.a in Frameworks */ = {isa = PBXBuildFile; fileRef = 4CB51A264C2846AD9D3F2A50 /* libPods-BasePods.a */; };
		79F7E822255A4F04B2DE77AB /* libPods-IntegrationTests.a in Frameworks */ = {isa = PBXBuildFile; fileRef = A161D6FDF95340609138410D /* libPods-IntegrationTests.a */; };
		FE182E4A17525E2000ED1574 /* TCSBaseMetadataEntity.m in Sources */ = {isa = PBXBuildFile; fileRef = FE182E4917525E2000ED1574 /* TCSBaseMetadataEntity.m */; };
		FE182E4B17525E2000ED1574 /* TCSBaseMetadataEntity.m in Sources */ = {isa = PBXBuildFile; fileRef = FE182E4917525E2000ED1574 /* TCSBaseMetadataEntity.m */; };
		FE182E4E17525FE800ED1574 /* TCSBaseMetadataEntity.m in Sources */ = {isa = PBXBuildFile; fileRef = FE182E4D17525FE800ED1574 /* TCSBaseMetadataEntity.m */; };
		FE182E4F17525FE800ED1574 /* TCSBaseMetadataEntity.m in Sources */ = {isa = PBXBuildFile; fileRef = FE182E4D17525FE800ED1574 /* TCSBaseMetadataEntity.m */; };
		FE182E5217525FEF00ED1574 /* _TCSBaseMetadataEntity.m in Sources */ = {isa = PBXBuildFile; fileRef = FE182E5117525FEF00ED1574 /* _TCSBaseMetadataEntity.m */; };
		FE182E5317525FEF00ED1574 /* _TCSBaseMetadataEntity.m in Sources */ = {isa = PBXBuildFile; fileRef = FE182E5117525FEF00ED1574 /* _TCSBaseMetadataEntity.m */; };
		FE3D1A641748FA2A000A4788 /* TCSRemoteCommand.m in Sources */ = {isa = PBXBuildFile; fileRef = FE3D1A631748FA2A000A4788 /* TCSRemoteCommand.m */; };
		FE3D1A651748FA2A000A4788 /* TCSRemoteCommand.m in Sources */ = {isa = PBXBuildFile; fileRef = FE3D1A631748FA2A000A4788 /* TCSRemoteCommand.m */; };
		FE3D1A681748FA32000A4788 /* _TCSRemoteCommand.m in Sources */ = {isa = PBXBuildFile; fileRef = FE3D1A671748FA32000A4788 /* _TCSRemoteCommand.m */; };
		FE3D1A691748FA32000A4788 /* _TCSRemoteCommand.m in Sources */ = {isa = PBXBuildFile; fileRef = FE3D1A671748FA32000A4788 /* _TCSRemoteCommand.m */; };
		FE3D1A6A174911E9000A4788 /* TCSParseAppConfig.m in Sources */ = {isa = PBXBuildFile; fileRef = FEB316771743A8BB00A6F16D /* TCSParseAppConfig.m */; };
		FE3D1A6D1749120F000A4788 /* TCSParseRemoteCommand.m in Sources */ = {isa = PBXBuildFile; fileRef = FE3D1A6C1749120F000A4788 /* TCSParseRemoteCommand.m */; };
		FE3D1A6E1749120F000A4788 /* TCSParseRemoteCommand.m in Sources */ = {isa = PBXBuildFile; fileRef = FE3D1A6C1749120F000A4788 /* TCSParseRemoteCommand.m */; };
		FE55454C174B9B5B0076C48B /* TCSJsonServiceProvider.m in Sources */ = {isa = PBXBuildFile; fileRef = FE55454B174B9B5A0076C48B /* TCSJsonServiceProvider.m */; };
		FE55454D174B9B5B0076C48B /* TCSJsonServiceProvider.m in Sources */ = {isa = PBXBuildFile; fileRef = FE55454B174B9B5A0076C48B /* TCSJsonServiceProvider.m */; };
		FE554550174BA6B70076C48B /* NSData+Base64.m in Sources */ = {isa = PBXBuildFile; fileRef = FE55454F174BA6B70076C48B /* NSData+Base64.m */; };
		FE554551174BA6B70076C48B /* NSData+Base64.m in Sources */ = {isa = PBXBuildFile; fileRef = FE55454F174BA6B70076C48B /* NSData+Base64.m */; };
		FE7E264517512B1B0084F59D /* TCSTimerMetadata.m in Sources */ = {isa = PBXBuildFile; fileRef = FE7E264417512B1B0084F59D /* TCSTimerMetadata.m */; };
		FE7E264617512B1B0084F59D /* TCSTimerMetadata.m in Sources */ = {isa = PBXBuildFile; fileRef = FE7E264417512B1B0084F59D /* TCSTimerMetadata.m */; };
		FE7E264917512B240084F59D /* _TCSTimerMetadata.m in Sources */ = {isa = PBXBuildFile; fileRef = FE7E264817512B240084F59D /* _TCSTimerMetadata.m */; };
		FE7E264A17512B240084F59D /* _TCSTimerMetadata.m in Sources */ = {isa = PBXBuildFile; fileRef = FE7E264817512B240084F59D /* _TCSTimerMetadata.m */; };
		FE7E264D175130830084F59D /* TCSParseTimerMetadata.m in Sources */ = {isa = PBXBuildFile; fileRef = FE7E264C175130830084F59D /* TCSParseTimerMetadata.m */; };
		FE7E264E175130830084F59D /* TCSParseTimerMetadata.m in Sources */ = {isa = PBXBuildFile; fileRef = FE7E264C175130830084F59D /* TCSParseTimerMetadata.m */; };
		FE7F8BE717372D9D008EE46E /* TCSBaseEntity.m in Sources */ = {isa = PBXBuildFile; fileRef = FE7F8BE617372D9D008EE46E /* TCSBaseEntity.m */; };
		FE7F8BEA17372DA7008EE46E /* _TCSBaseEntity.m in Sources */ = {isa = PBXBuildFile; fileRef = FE7F8BE917372DA7008EE46E /* _TCSBaseEntity.m */; };
		FE7F8BEB17372DC3008EE46E /* TCSBaseEntity.m in Sources */ = {isa = PBXBuildFile; fileRef = FE7F8BE617372D9D008EE46E /* TCSBaseEntity.m */; };
		FE7F8BEC17372DC3008EE46E /* _TCSBaseEntity.m in Sources */ = {isa = PBXBuildFile; fileRef = FE7F8BE917372DA7008EE46E /* _TCSBaseEntity.m */; };
		FE7F8CB4173731DF008EE46E /* TCSCannedMessage.m in Sources */ = {isa = PBXBuildFile; fileRef = FE7F8CB3173731DE008EE46E /* TCSCannedMessage.m */; };
		FE7F8CB7173731E6008EE46E /* _TCSCannedMessage.m in Sources */ = {isa = PBXBuildFile; fileRef = FE7F8CB6173731E6008EE46E /* _TCSCannedMessage.m */; };
		FE7F8CBB173733A2008EE46E /* TCSCommon.m in Sources */ = {isa = PBXBuildFile; fileRef = FE7F8CB9173733A2008EE46E /* TCSCommon.m */; };
		FE7F8CE01737E523008EE46E /* TCSUtilities.m in Sources */ = {isa = PBXBuildFile; fileRef = FE7F8CDF1737E523008EE46E /* TCSUtilities.m */; };
		FE7F8CE11737E623008EE46E /* TCSUtilities.m in Sources */ = {isa = PBXBuildFile; fileRef = FE7F8CDF1737E523008EE46E /* TCSUtilities.m */; };
		FE837DE91735B98500CBD853 /* TCSView.m in Sources */ = {isa = PBXBuildFile; fileRef = FE837DE81735B98500CBD853 /* TCSView.m */; };
		FE837DEE1736A7A300CBD853 /* TCSAAASetupTests.m in Sources */ = {isa = PBXBuildFile; fileRef = FE837DED1736A7A200CBD853 /* TCSAAASetupTests.m */; };
		FE837DF81736C5BC00CBD853 /* TCSGroup.m in Sources */ = {isa = PBXBuildFile; fileRef = FE837DF11736C5BC00CBD853 /* TCSGroup.m */; };
		FE837DF91736C5BC00CBD853 /* TCSGroup.m in Sources */ = {isa = PBXBuildFile; fileRef = FE837DF11736C5BC00CBD853 /* TCSGroup.m */; };
		FE837DFA1736C5BC00CBD853 /* TCSProject.m in Sources */ = {isa = PBXBuildFile; fileRef = FE837DF31736C5BC00CBD853 /* TCSProject.m */; };
		FE837DFB1736C5BC00CBD853 /* TCSProject.m in Sources */ = {isa = PBXBuildFile; fileRef = FE837DF31736C5BC00CBD853 /* TCSProject.m */; };
		FE837DFC1736C5BC00CBD853 /* TCSTimedEntity.m in Sources */ = {isa = PBXBuildFile; fileRef = FE837DF51736C5BC00CBD853 /* TCSTimedEntity.m */; };
		FE837DFD1736C5BC00CBD853 /* TCSTimedEntity.m in Sources */ = {isa = PBXBuildFile; fileRef = FE837DF51736C5BC00CBD853 /* TCSTimedEntity.m */; };
		FE837DFE1736C5BC00CBD853 /* TCSTimer.m in Sources */ = {isa = PBXBuildFile; fileRef = FE837DF71736C5BC00CBD853 /* TCSTimer.m */; };
		FE837DFF1736C5BC00CBD853 /* TCSTimer.m in Sources */ = {isa = PBXBuildFile; fileRef = FE837DF71736C5BC00CBD853 /* TCSTimer.m */; };
		FE837E081736C5C400CBD853 /* _TCSGroup.m in Sources */ = {isa = PBXBuildFile; fileRef = FE837E011736C5C400CBD853 /* _TCSGroup.m */; };
		FE837E091736C5C400CBD853 /* _TCSGroup.m in Sources */ = {isa = PBXBuildFile; fileRef = FE837E011736C5C400CBD853 /* _TCSGroup.m */; };
		FE837E0A1736C5C400CBD853 /* _TCSProject.m in Sources */ = {isa = PBXBuildFile; fileRef = FE837E031736C5C400CBD853 /* _TCSProject.m */; };
		FE837E0B1736C5C400CBD853 /* _TCSProject.m in Sources */ = {isa = PBXBuildFile; fileRef = FE837E031736C5C400CBD853 /* _TCSProject.m */; };
		FE837E0C1736C5C400CBD853 /* _TCSTimedEntity.m in Sources */ = {isa = PBXBuildFile; fileRef = FE837E051736C5C400CBD853 /* _TCSTimedEntity.m */; };
		FE837E0D1736C5C400CBD853 /* _TCSTimedEntity.m in Sources */ = {isa = PBXBuildFile; fileRef = FE837E051736C5C400CBD853 /* _TCSTimedEntity.m */; };
		FE837E0E1736C5C400CBD853 /* _TCSTimer.m in Sources */ = {isa = PBXBuildFile; fileRef = FE837E071736C5C400CBD853 /* _TCSTimer.m */; };
		FE837E0F1736C5C400CBD853 /* _TCSTimer.m in Sources */ = {isa = PBXBuildFile; fileRef = FE837E071736C5C400CBD853 /* _TCSTimer.m */; };
		FE837E121736EEE600CBD853 /* TCSLocalAAAProjectTests.m in Sources */ = {isa = PBXBuildFile; fileRef = FEBD02671733D9E700DAB99D /* TCSLocalAAAProjectTests.m */; };
		FE837E131736EF7000CBD853 /* TCSLocalBBBTimerTests.m in Sources */ = {isa = PBXBuildFile; fileRef = FEBD02821733EE6A00DAB99D /* TCSLocalBBBTimerTests.m */; };
		FE837E141736F03300CBD853 /* TCSLocalCCCGroupTests.m in Sources */ = {isa = PBXBuildFile; fileRef = FEBD02D117352B5400DAB99D /* TCSLocalCCCGroupTests.m */; };
		FE837E941736F98C00CBD853 /* TCSDateFormatManager.m in Sources */ = {isa = PBXBuildFile; fileRef = FE837E931736F98C00CBD853 /* TCSDateFormatManager.m */; };
		FE837E951736F98C00CBD853 /* TCSDateFormatManager.m in Sources */ = {isa = PBXBuildFile; fileRef = FE837E931736F98C00CBD853 /* TCSDateFormatManager.m */; };
		FE837E9D1736FDEA00CBD853 /* TCSTimerReport.m in Sources */ = {isa = PBXBuildFile; fileRef = FE837E9A1736FDEA00CBD853 /* TCSTimerReport.m */; };
		FE837E9E1736FDEA00CBD853 /* TCSTimerReport.m in Sources */ = {isa = PBXBuildFile; fileRef = FE837E9A1736FDEA00CBD853 /* TCSTimerReport.m */; };
		FE837E9F1736FDEA00CBD853 /* TCSTimerReportItem.m in Sources */ = {isa = PBXBuildFile; fileRef = FE837E9C1736FDEA00CBD853 /* TCSTimerReportItem.m */; };
		FE837EA01736FDEA00CBD853 /* TCSTimerReportItem.m in Sources */ = {isa = PBXBuildFile; fileRef = FE837E9C1736FDEA00CBD853 /* TCSTimerReportItem.m */; };
		FE837EA91737037900CBD853 /* TCSAggregatedTime.m in Sources */ = {isa = PBXBuildFile; fileRef = FE837EA81737037900CBD853 /* TCSAggregatedTime.m */; };
		FE837EAA1737037900CBD853 /* TCSAggregatedTime.m in Sources */ = {isa = PBXBuildFile; fileRef = FE837EA81737037900CBD853 /* TCSAggregatedTime.m */; };
		FE9C8003173F07F400005FD8 /* NSError+Utilities.m in Sources */ = {isa = PBXBuildFile; fileRef = FE9C8002173F07F400005FD8 /* NSError+Utilities.m */; };
		FE9C8004173F07F400005FD8 /* NSError+Utilities.m in Sources */ = {isa = PBXBuildFile; fileRef = FE9C8002173F07F400005FD8 /* NSError+Utilities.m */; };
		FE9C8005173F0EC000005FD8 /* TCSParseService.m in Sources */ = {isa = PBXBuildFile; fileRef = FEBD02C51734B9B500DAB99D /* TCSParseService.m */; };
		FE9C8006173F0EC000005FD8 /* TCSParseService.m in Sources */ = {isa = PBXBuildFile; fileRef = FEBD02C51734B9B500DAB99D /* TCSParseService.m */; };
		FE9C8009173F1D4300005FD8 /* TCSParseCannedMessage.m in Sources */ = {isa = PBXBuildFile; fileRef = FE9C8008173F1D4200005FD8 /* TCSParseCannedMessage.m */; };
		FE9C800A173F1D4300005FD8 /* TCSParseCannedMessage.m in Sources */ = {isa = PBXBuildFile; fileRef = FE9C8008173F1D4200005FD8 /* TCSParseCannedMessage.m */; };
		FE9C800B173F22FD00005FD8 /* TCSCommon.m in Sources */ = {isa = PBXBuildFile; fileRef = FE7F8CB9173733A2008EE46E /* TCSCommon.m */; };
		FE9E7716174E2C610035EABE /* TCSParseProviderInstance.m in Sources */ = {isa = PBXBuildFile; fileRef = FE9E7715174E2C600035EABE /* TCSParseProviderInstance.m */; };
		FE9E7717174E2C610035EABE /* TCSParseProviderInstance.m in Sources */ = {isa = PBXBuildFile; fileRef = FE9E7715174E2C600035EABE /* TCSParseProviderInstance.m */; };
		FE9E771A174E37B20035EABE /* TCSProviderInstance.m in Sources */ = {isa = PBXBuildFile; fileRef = FE9E7719174E37B00035EABE /* TCSProviderInstance.m */; };
		FE9E771B174E37B20035EABE /* TCSProviderInstance.m in Sources */ = {isa = PBXBuildFile; fileRef = FE9E7719174E37B00035EABE /* TCSProviderInstance.m */; };
		FE9E771E174E37BB0035EABE /* _TCSProviderInstance.m in Sources */ = {isa = PBXBuildFile; fileRef = FE9E771D174E37BB0035EABE /* _TCSProviderInstance.m */; };
		FE9E771F174E37BB0035EABE /* _TCSProviderInstance.m in Sources */ = {isa = PBXBuildFile; fileRef = FE9E771D174E37BB0035EABE /* _TCSProviderInstance.m */; };
		FE9E7727174F07880035EABE /* TCSTimedEntityMetadata.m in Sources */ = {isa = PBXBuildFile; fileRef = FE9E7726174F07880035EABE /* TCSTimedEntityMetadata.m */; };
		FE9E7728174F07880035EABE /* TCSTimedEntityMetadata.m in Sources */ = {isa = PBXBuildFile; fileRef = FE9E7726174F07880035EABE /* TCSTimedEntityMetadata.m */; };
		FE9E772B174F07950035EABE /* _TCSTimedEntityMetadata.m in Sources */ = {isa = PBXBuildFile; fileRef = FE9E772A174F07950035EABE /* _TCSTimedEntityMetadata.m */; };
		FE9E772C174F07950035EABE /* _TCSTimedEntityMetadata.m in Sources */ = {isa = PBXBuildFile; fileRef = FE9E772A174F07950035EABE /* _TCSTimedEntityMetadata.m */; };
		FE9E772F174F087F0035EABE /* TCSParseTimedEntityMetadata.m in Sources */ = {isa = PBXBuildFile; fileRef = FE9E772E174F087F0035EABE /* TCSParseTimedEntityMetadata.m */; };
		FE9E7730174F087F0035EABE /* TCSParseTimedEntityMetadata.m in Sources */ = {isa = PBXBuildFile; fileRef = FE9E772E174F087F0035EABE /* TCSParseTimedEntityMetadata.m */; };
		FEB316751743A7ED00A6F16D /* TCSParseSystemTime.m in Sources */ = {isa = PBXBuildFile; fileRef = FEB316741743A7ED00A6F16D /* TCSParseSystemTime.m */; };
		FEB316781743A8BB00A6F16D /* TCSParseAppConfig.m in Sources */ = {isa = PBXBuildFile; fileRef = FEB316771743A8BB00A6F16D /* TCSParseAppConfig.m */; };
		FEB316791743AA3800A6F16D /* TCSParseSystemTime.m in Sources */ = {isa = PBXBuildFile; fileRef = FEB316741743A7ED00A6F16D /* TCSParseSystemTime.m */; };
		FEBD024D1733D85A00DAB99D /* UIKit.framework in Frameworks */ = {isa = PBXBuildFile; fileRef = FEDAD2EA1732E60D0087EB4F /* UIKit.framework */; };
		FEBD024E1733D85A00DAB99D /* Foundation.framework in Frameworks */ = {isa = PBXBuildFile; fileRef = FEDAD2EC1732E60D0087EB4F /* Foundation.framework */; };
		FEBD024F1733D85A00DAB99D /* CoreGraphics.framework in Frameworks */ = {isa = PBXBuildFile; fileRef = FEDAD2EE1732E60D0087EB4F /* CoreGraphics.framework */; };
		FEBD02551733D85A00DAB99D /* InfoPlist.strings in Resources */ = {isa = PBXBuildFile; fileRef = FEBD02531733D85A00DAB99D /* InfoPlist.strings */; };
		FEBD02571733D85A00DAB99D /* main.m in Sources */ = {isa = PBXBuildFile; fileRef = FEBD02561733D85A00DAB99D /* main.m */; };
		FEBD025D1733D85A00DAB99D /* Default.png in Resources */ = {isa = PBXBuildFile; fileRef = FEBD025C1733D85A00DAB99D /* Default.png */; };
		FEBD025F1733D85A00DAB99D /* Default@2x.png in Resources */ = {isa = PBXBuildFile; fileRef = FEBD025E1733D85A00DAB99D /* Default@2x.png */; };
		FEBD02611733D85A00DAB99D /* Default-568h@2x.png in Resources */ = {isa = PBXBuildFile; fileRef = FEBD02601733D85A00DAB99D /* Default-568h@2x.png */; };
		FEBD02651733D98900DAB99D /* QuartzCore.framework in Frameworks */ = {isa = PBXBuildFile; fileRef = FEF8A0FA17332B4100C4DCF9 /* QuartzCore.framework */; };
		FEBD02711733DBDE00DAB99D /* TCSLocalService.m in Sources */ = {isa = PBXBuildFile; fileRef = FEF8A0D51733225C00C4DCF9 /* TCSLocalService.m */; };
		FEBD027C1733E64E00DAB99D /* TCSLocalService.xcdatamodeld in Sources */ = {isa = PBXBuildFile; fileRef = FEF8A0D61733225C00C4DCF9 /* TCSLocalService.xcdatamodeld */; };
		FEBD02801733EC3D00DAB99D /* TCSBaseTests.m in Sources */ = {isa = PBXBuildFile; fileRef = FEBD027E1733EBED00DAB99D /* TCSBaseTests.m */; };
		FEBD02891733EF4200DAB99D /* TCSProjectTests.m in Sources */ = {isa = PBXBuildFile; fileRef = FEBD02881733EF4200DAB99D /* TCSProjectTests.m */; };
		FEBD028C1733EFE400DAB99D /* TCSTimerTests.m in Sources */ = {isa = PBXBuildFile; fileRef = FEBD028B1733EFE400DAB99D /* TCSTimerTests.m */; };
		FEBD02911734853E00DAB99D /* NSDate+Utilities.m in Sources */ = {isa = PBXBuildFile; fileRef = FEBD02901734853E00DAB99D /* NSDate+Utilities.m */; };
		FEBD02AA173487AE00DAB99D /* TCSDefaultProvider.m in Sources */ = {isa = PBXBuildFile; fileRef = FEBD029B173487AD00DAB99D /* TCSDefaultProvider.m */; };
		FEBD02AD173487AE00DAB99D /* TCSService.m in Sources */ = {isa = PBXBuildFile; fileRef = FEBD02A1173487AD00DAB99D /* TCSService.m */; };
		FEBD02B0173487AE00DAB99D /* TCSDateRange.m in Sources */ = {isa = PBXBuildFile; fileRef = FEBD02A8173487AE00DAB99D /* TCSDateRange.m */; };
		FEBD02B3173487DF00DAB99D /* TCSCalendarManager.m in Sources */ = {isa = PBXBuildFile; fileRef = FEBD02B2173487DF00DAB99D /* TCSCalendarManager.m */; };
		FEBD02BA173489C600DAB99D /* NSDate+Utilities.m in Sources */ = {isa = PBXBuildFile; fileRef = FEBD02901734853E00DAB99D /* NSDate+Utilities.m */; };
		FEBD02BB173489C600DAB99D /* TCSCalendarManager.m in Sources */ = {isa = PBXBuildFile; fileRef = FEBD02B2173487DF00DAB99D /* TCSCalendarManager.m */; };
		FEBD02BC173489C600DAB99D /* TCSDateRange.m in Sources */ = {isa = PBXBuildFile; fileRef = FEBD02A8173487AE00DAB99D /* TCSDateRange.m */; };
		FEBD02BE17348A0C00DAB99D /* TCSDefaultProvider.m in Sources */ = {isa = PBXBuildFile; fileRef = FEBD029B173487AD00DAB99D /* TCSDefaultProvider.m */; };
		FEBD02C117348A0C00DAB99D /* TCSService.m in Sources */ = {isa = PBXBuildFile; fileRef = FEBD02A1173487AD00DAB99D /* TCSService.m */; };
		FEBD02CA1734B9FA00DAB99D /* TCSHarvestService.m in Sources */ = {isa = PBXBuildFile; fileRef = FEBD02C91734B9FA00DAB99D /* TCSHarvestService.m */; };
		FEBD02CB1734B9FA00DAB99D /* TCSHarvestService.m in Sources */ = {isa = PBXBuildFile; fileRef = FEBD02C91734B9FA00DAB99D /* TCSHarvestService.m */; };
		FEBD02CF173518C400DAB99D /* TCSGroupTests.m in Sources */ = {isa = PBXBuildFile; fileRef = FEBD02CD173518C300DAB99D /* TCSGroupTests.m */; };
		FEBD02DD173546AE00DAB99D /* libsqlite3.dylib in Frameworks */ = {isa = PBXBuildFile; fileRef = FEBD02DC173546AE00DAB99D /* libsqlite3.dylib */; };
		FEBD02DF173546B600DAB99D /* Social.framework in Frameworks */ = {isa = PBXBuildFile; fileRef = FEBD02DE173546B600DAB99D /* Social.framework */; };
		FEBD02E0173546CD00DAB99D /* Social.framework in Frameworks */ = {isa = PBXBuildFile; fileRef = FEBD02DE173546B600DAB99D /* Social.framework */; };
		FEBD02E1173546D300DAB99D /* libsqlite3.dylib in Frameworks */ = {isa = PBXBuildFile; fileRef = FEBD02DC173546AE00DAB99D /* libsqlite3.dylib */; };
		FEBD02E717354A7500DAB99D /* AdSupport.framework in Frameworks */ = {isa = PBXBuildFile; fileRef = FEBD02E617354A7500DAB99D /* AdSupport.framework */; };
		FEBD02E917354A8D00DAB99D /* Accounts.framework in Frameworks */ = {isa = PBXBuildFile; fileRef = FEBD02E817354A8D00DAB99D /* Accounts.framework */; };
		FEBD02EA17354AA100DAB99D /* Accounts.framework in Frameworks */ = {isa = PBXBuildFile; fileRef = FEBD02E817354A8D00DAB99D /* Accounts.framework */; };
		FEBD02EB17354AA500DAB99D /* AdSupport.framework in Frameworks */ = {isa = PBXBuildFile; fileRef = FEBD02E617354A7500DAB99D /* AdSupport.framework */; };
		FEBD02ED17354AB700DAB99D /* Security.framework in Frameworks */ = {isa = PBXBuildFile; fileRef = FEBD02EC17354AB700DAB99D /* Security.framework */; };
		FEBD02EE17354ABA00DAB99D /* Security.framework in Frameworks */ = {isa = PBXBuildFile; fileRef = FEBD02EC17354AB700DAB99D /* Security.framework */; };
		FEBD02F117354CB100DAB99D /* TCSParseTimedEntity.m in Sources */ = {isa = PBXBuildFile; fileRef = FEBD02F017354CB100DAB99D /* TCSParseTimedEntity.m */; };
		FEBD02F217354CB100DAB99D /* TCSParseTimedEntity.m in Sources */ = {isa = PBXBuildFile; fileRef = FEBD02F017354CB100DAB99D /* TCSParseTimedEntity.m */; };
		FEBD02F517354CF600DAB99D /* TCSParseGroup.m in Sources */ = {isa = PBXBuildFile; fileRef = FEBD02F417354CF500DAB99D /* TCSParseGroup.m */; };
		FEBD02F617354CF600DAB99D /* TCSParseGroup.m in Sources */ = {isa = PBXBuildFile; fileRef = FEBD02F417354CF500DAB99D /* TCSParseGroup.m */; };
		FEBD02F917354D0200DAB99D /* TCSParseProject.m in Sources */ = {isa = PBXBuildFile; fileRef = FEBD02F817354D0100DAB99D /* TCSParseProject.m */; };
		FEBD02FA17354D0200DAB99D /* TCSParseProject.m in Sources */ = {isa = PBXBuildFile; fileRef = FEBD02F817354D0100DAB99D /* TCSParseProject.m */; };
		FEBD02FD17354D0F00DAB99D /* TCSParseTimer.m in Sources */ = {isa = PBXBuildFile; fileRef = FEBD02FC17354D0F00DAB99D /* TCSParseTimer.m */; };
		FEBD02FE17354D0F00DAB99D /* TCSParseTimer.m in Sources */ = {isa = PBXBuildFile; fileRef = FEBD02FC17354D0F00DAB99D /* TCSParseTimer.m */; };
		FEBD031717355B4C00DAB99D /* Parse.framework in Frameworks */ = {isa = PBXBuildFile; fileRef = FEBD031617355B4C00DAB99D /* Parse.framework */; };
		FEBD031917355B6F00DAB99D /* AudioToolbox.framework in Frameworks */ = {isa = PBXBuildFile; fileRef = FEBD031817355B6F00DAB99D /* AudioToolbox.framework */; };
		FEBD031B17355B7800DAB99D /* CFNetwork.framework in Frameworks */ = {isa = PBXBuildFile; fileRef = FEBD031A17355B7800DAB99D /* CFNetwork.framework */; };
		FEBD031D17355B8700DAB99D /* CoreLocation.framework in Frameworks */ = {isa = PBXBuildFile; fileRef = FEBD031C17355B8700DAB99D /* CoreLocation.framework */; };
		FEBD031F17355B9400DAB99D /* libz.1.1.3.dylib in Frameworks */ = {isa = PBXBuildFile; fileRef = FEBD031E17355B9400DAB99D /* libz.1.1.3.dylib */; };
		FEBD032117355B9F00DAB99D /* MobileCoreServices.framework in Frameworks */ = {isa = PBXBuildFile; fileRef = FEBD032017355B9F00DAB99D /* MobileCoreServices.framework */; };
		FEBD032317355BB200DAB99D /* StoreKit.framework in Frameworks */ = {isa = PBXBuildFile; fileRef = FEBD032217355BB200DAB99D /* StoreKit.framework */; };
		FEBD032517355BBC00DAB99D /* SystemConfiguration.framework in Frameworks */ = {isa = PBXBuildFile; fileRef = FEBD032417355BBC00DAB99D /* SystemConfiguration.framework */; };
		FEBD032A1735735900DAB99D /* TCSParseBaseEntity.m in Sources */ = {isa = PBXBuildFile; fileRef = FEBD03291735735900DAB99D /* TCSParseBaseEntity.m */; };
		FEBD032B1735735900DAB99D /* TCSParseBaseEntity.m in Sources */ = {isa = PBXBuildFile; fileRef = FEBD03291735735900DAB99D /* TCSParseBaseEntity.m */; };
		FEBEF70C173B299D006D2A7E /* TCSAggregatedTimeList.m in Sources */ = {isa = PBXBuildFile; fileRef = FEBEF70B173B299D006D2A7E /* TCSAggregatedTimeList.m */; };
		FEBEF70D173B29A0006D2A7E /* TCSAggregatedTimeList.m in Sources */ = {isa = PBXBuildFile; fileRef = FEBEF70B173B299D006D2A7E /* TCSAggregatedTimeList.m */; };
		FEC3F54D173D74600092D7B1 /* TCSCannedMessageTests.m in Sources */ = {isa = PBXBuildFile; fileRef = FEC3F54C173D74600092D7B1 /* TCSCannedMessageTests.m */; };
		FEC3F550173D7C090092D7B1 /* TCSLocalDDDCannedMessageTests.m in Sources */ = {isa = PBXBuildFile; fileRef = FEC3F54F173D7C090092D7B1 /* TCSLocalDDDCannedMessageTests.m */; };
		FEC3F551173D7D010092D7B1 /* TCSCannedMessage.m in Sources */ = {isa = PBXBuildFile; fileRef = FE7F8CB3173731DE008EE46E /* TCSCannedMessage.m */; };
		FEC3F552173D7D060092D7B1 /* _TCSCannedMessage.m in Sources */ = {isa = PBXBuildFile; fileRef = FE7F8CB6173731E6008EE46E /* _TCSCannedMessage.m */; };
		FEDAD2EB1732E60D0087EB4F /* UIKit.framework in Frameworks */ = {isa = PBXBuildFile; fileRef = FEDAD2EA1732E60D0087EB4F /* UIKit.framework */; };
		FEDAD2ED1732E60D0087EB4F /* Foundation.framework in Frameworks */ = {isa = PBXBuildFile; fileRef = FEDAD2EC1732E60D0087EB4F /* Foundation.framework */; };
		FEDAD2EF1732E60D0087EB4F /* CoreGraphics.framework in Frameworks */ = {isa = PBXBuildFile; fileRef = FEDAD2EE1732E60D0087EB4F /* CoreGraphics.framework */; };
		FEDAD2F51732E60D0087EB4F /* InfoPlist.strings in Resources */ = {isa = PBXBuildFile; fileRef = FEDAD2F31732E60D0087EB4F /* InfoPlist.strings */; };
		FEDAD2F71732E60D0087EB4F /* main.m in Sources */ = {isa = PBXBuildFile; fileRef = FEDAD2F61732E60D0087EB4F /* main.m */; };
		FEDAD2FB1732E60D0087EB4F /* TCAppDelegate.m in Sources */ = {isa = PBXBuildFile; fileRef = FEDAD2FA1732E60D0087EB4F /* TCAppDelegate.m */; };
		FEDAD2FD1732E60D0087EB4F /* Default.png in Resources */ = {isa = PBXBuildFile; fileRef = FEDAD2FC1732E60D0087EB4F /* Default.png */; };
		FEDAD2FF1732E60D0087EB4F /* Default@2x.png in Resources */ = {isa = PBXBuildFile; fileRef = FEDAD2FE1732E60D0087EB4F /* Default@2x.png */; };
		FEDAD3011732E60D0087EB4F /* Default-568h@2x.png in Resources */ = {isa = PBXBuildFile; fileRef = FEDAD3001732E60D0087EB4F /* Default-568h@2x.png */; };
		FEDAD3041732E60D0087EB4F /* MainStoryboard.storyboard in Resources */ = {isa = PBXBuildFile; fileRef = FEDAD3021732E60D0087EB4F /* MainStoryboard.storyboard */; };
		FEDAD3071732E60D0087EB4F /* TCViewController.m in Sources */ = {isa = PBXBuildFile; fileRef = FEDAD3061732E60D0087EB4F /* TCViewController.m */; };
		FEF8A0DA1733225C00C4DCF9 /* TCSLocalService.m in Sources */ = {isa = PBXBuildFile; fileRef = FEF8A0D51733225C00C4DCF9 /* TCSLocalService.m */; };
		FEF8A0DB1733225C00C4DCF9 /* TCSLocalService.xcdatamodeld in Sources */ = {isa = PBXBuildFile; fileRef = FEF8A0D61733225C00C4DCF9 /* TCSLocalService.xcdatamodeld */; };
		FEF8A0F31733265800C4DCF9 /* CoreData.framework in Frameworks */ = {isa = PBXBuildFile; fileRef = FEF8A0F21733265800C4DCF9 /* CoreData.framework */; };
		FEF8A0FB17332B4100C4DCF9 /* QuartzCore.framework in Frameworks */ = {isa = PBXBuildFile; fileRef = FEF8A0FA17332B4100C4DCF9 /* QuartzCore.framework */; };
/* End PBXBuildFile section */

/* Begin PBXFileReference section */
		0711102F27B54C80A3606EBA /* libPods-OCTests-IntegrationTests.a */ = {isa = PBXFileReference; explicitFileType = archive.ar; includeInIndex = 0; path = "libPods-OCTests-IntegrationTests.a"; sourceTree = BUILT_PRODUCTS_DIR; };
		112E1BECF66B45DAA673C505 /* Pods-OCTests-IntegrationTests.xcconfig */ = {isa = PBXFileReference; includeInIndex = 1; lastKnownFileType = text.xcconfig; name = "Pods-OCTests-IntegrationTests.xcconfig"; path = "Pods/Pods-OCTests-IntegrationTests.xcconfig"; sourceTree = SOURCE_ROOT; };
		4CB51A264C2846AD9D3F2A50 /* libPods-BasePods.a */ = {isa = PBXFileReference; explicitFileType = archive.ar; includeInIndex = 0; path = "libPods-BasePods.a"; sourceTree = BUILT_PRODUCTS_DIR; };
		57D237F14E1B41D09D7D2585 /* Pods-IntegrationTests.xcconfig */ = {isa = PBXFileReference; includeInIndex = 1; lastKnownFileType = text.xcconfig; name = "Pods-IntegrationTests.xcconfig"; path = "Pods/Pods-IntegrationTests.xcconfig"; sourceTree = SOURCE_ROOT; };
		80DB86CF102642B2A05441EC /* libPods-OCTests-IntegrationTests.a */ = {isa = PBXFileReference; explicitFileType = archive.ar; includeInIndex = 0; path = "libPods-OCTests-IntegrationTests.a"; sourceTree = BUILT_PRODUCTS_DIR; };
		A161D6FDF95340609138410D /* libPods-IntegrationTests.a */ = {isa = PBXFileReference; explicitFileType = archive.ar; includeInIndex = 0; path = "libPods-IntegrationTests.a"; sourceTree = BUILT_PRODUCTS_DIR; };
		E1CAE1762EAA41928F4E4B0A /* Pods-OCTests-IntegrationTests.xcconfig */ = {isa = PBXFileReference; includeInIndex = 1; lastKnownFileType = text.xcconfig; name = "Pods-OCTests-IntegrationTests.xcconfig"; path = "Pods/Pods-OCTests-IntegrationTests.xcconfig"; sourceTree = SOURCE_ROOT; };
		E999345D174A464E853C247E /* Pods-BasePods.xcconfig */ = {isa = PBXFileReference; includeInIndex = 1; lastKnownFileType = text.xcconfig; name = "Pods-BasePods.xcconfig"; path = "Pods/Pods-BasePods.xcconfig"; sourceTree = SOURCE_ROOT; };
		FE182E4817525E2000ED1574 /* TCSBaseMetadataEntity.h */ = {isa = PBXFileReference; fileEncoding = 4; lastKnownFileType = sourcecode.c.h; path = TCSBaseMetadataEntity.h; sourceTree = "<group>"; };
		FE182E4917525E2000ED1574 /* TCSBaseMetadataEntity.m */ = {isa = PBXFileReference; fileEncoding = 4; lastKnownFileType = sourcecode.c.objc; path = TCSBaseMetadataEntity.m; sourceTree = "<group>"; };
		FE182E4C17525FE800ED1574 /* TCSBaseMetadataEntity.h */ = {isa = PBXFileReference; fileEncoding = 4; lastKnownFileType = sourcecode.c.h; path = TCSBaseMetadataEntity.h; sourceTree = "<group>"; };
		FE182E4D17525FE800ED1574 /* TCSBaseMetadataEntity.m */ = {isa = PBXFileReference; fileEncoding = 4; lastKnownFileType = sourcecode.c.objc; path = TCSBaseMetadataEntity.m; sourceTree = "<group>"; };
		FE182E5017525FEF00ED1574 /* _TCSBaseMetadataEntity.h */ = {isa = PBXFileReference; fileEncoding = 4; lastKnownFileType = sourcecode.c.h; path = _TCSBaseMetadataEntity.h; sourceTree = "<group>"; };
		FE182E5117525FEF00ED1574 /* _TCSBaseMetadataEntity.m */ = {isa = PBXFileReference; fileEncoding = 4; lastKnownFileType = sourcecode.c.objc; path = _TCSBaseMetadataEntity.m; sourceTree = "<group>"; };
		FE3D1A621748FA2A000A4788 /* TCSRemoteCommand.h */ = {isa = PBXFileReference; fileEncoding = 4; lastKnownFileType = sourcecode.c.h; path = TCSRemoteCommand.h; sourceTree = "<group>"; };
		FE3D1A631748FA2A000A4788 /* TCSRemoteCommand.m */ = {isa = PBXFileReference; fileEncoding = 4; lastKnownFileType = sourcecode.c.objc; path = TCSRemoteCommand.m; sourceTree = "<group>"; };
		FE3D1A661748FA32000A4788 /* _TCSRemoteCommand.h */ = {isa = PBXFileReference; fileEncoding = 4; lastKnownFileType = sourcecode.c.h; path = _TCSRemoteCommand.h; sourceTree = "<group>"; };
		FE3D1A671748FA32000A4788 /* _TCSRemoteCommand.m */ = {isa = PBXFileReference; fileEncoding = 4; lastKnownFileType = sourcecode.c.objc; path = _TCSRemoteCommand.m; sourceTree = "<group>"; };
		FE3D1A6B1749120E000A4788 /* TCSParseRemoteCommand.h */ = {isa = PBXFileReference; fileEncoding = 4; lastKnownFileType = sourcecode.c.h; path = TCSParseRemoteCommand.h; sourceTree = "<group>"; };
		FE3D1A6C1749120F000A4788 /* TCSParseRemoteCommand.m */ = {isa = PBXFileReference; fileEncoding = 4; lastKnownFileType = sourcecode.c.objc; path = TCSParseRemoteCommand.m; sourceTree = "<group>"; };
		FE55454A174B9B5A0076C48B /* TCSJsonServiceProvider.h */ = {isa = PBXFileReference; fileEncoding = 4; lastKnownFileType = sourcecode.c.h; path = TCSJsonServiceProvider.h; sourceTree = "<group>"; };
		FE55454B174B9B5A0076C48B /* TCSJsonServiceProvider.m */ = {isa = PBXFileReference; fileEncoding = 4; lastKnownFileType = sourcecode.c.objc; path = TCSJsonServiceProvider.m; sourceTree = "<group>"; };
		FE55454E174BA6B70076C48B /* NSData+Base64.h */ = {isa = PBXFileReference; fileEncoding = 4; lastKnownFileType = sourcecode.c.h; name = "NSData+Base64.h"; path = "UberTimeService/Utilities/NSData+Base64.h"; sourceTree = SOURCE_ROOT; };
		FE55454F174BA6B70076C48B /* NSData+Base64.m */ = {isa = PBXFileReference; fileEncoding = 4; lastKnownFileType = sourcecode.c.objc; name = "NSData+Base64.m"; path = "UberTimeService/Utilities/NSData+Base64.m"; sourceTree = SOURCE_ROOT; };
		FE7E264317512B1B0084F59D /* TCSTimerMetadata.h */ = {isa = PBXFileReference; fileEncoding = 4; lastKnownFileType = sourcecode.c.h; path = TCSTimerMetadata.h; sourceTree = "<group>"; };
		FE7E264417512B1B0084F59D /* TCSTimerMetadata.m */ = {isa = PBXFileReference; fileEncoding = 4; lastKnownFileType = sourcecode.c.objc; path = TCSTimerMetadata.m; sourceTree = "<group>"; };
		FE7E264717512B240084F59D /* _TCSTimerMetadata.h */ = {isa = PBXFileReference; fileEncoding = 4; lastKnownFileType = sourcecode.c.h; path = _TCSTimerMetadata.h; sourceTree = "<group>"; };
		FE7E264817512B240084F59D /* _TCSTimerMetadata.m */ = {isa = PBXFileReference; fileEncoding = 4; lastKnownFileType = sourcecode.c.objc; path = _TCSTimerMetadata.m; sourceTree = "<group>"; };
		FE7E264B175130830084F59D /* TCSParseTimerMetadata.h */ = {isa = PBXFileReference; fileEncoding = 4; lastKnownFileType = sourcecode.c.h; path = TCSParseTimerMetadata.h; sourceTree = "<group>"; };
		FE7E264C175130830084F59D /* TCSParseTimerMetadata.m */ = {isa = PBXFileReference; fileEncoding = 4; lastKnownFileType = sourcecode.c.objc; path = TCSParseTimerMetadata.m; sourceTree = "<group>"; };
		FE7F8BE517372D9D008EE46E /* TCSBaseEntity.h */ = {isa = PBXFileReference; fileEncoding = 4; lastKnownFileType = sourcecode.c.h; path = TCSBaseEntity.h; sourceTree = "<group>"; };
		FE7F8BE617372D9D008EE46E /* TCSBaseEntity.m */ = {isa = PBXFileReference; fileEncoding = 4; lastKnownFileType = sourcecode.c.objc; path = TCSBaseEntity.m; sourceTree = "<group>"; };
		FE7F8BE817372DA7008EE46E /* _TCSBaseEntity.h */ = {isa = PBXFileReference; fileEncoding = 4; lastKnownFileType = sourcecode.c.h; path = _TCSBaseEntity.h; sourceTree = "<group>"; };
		FE7F8BE917372DA7008EE46E /* _TCSBaseEntity.m */ = {isa = PBXFileReference; fileEncoding = 4; lastKnownFileType = sourcecode.c.objc; path = _TCSBaseEntity.m; sourceTree = "<group>"; };
		FE7F8CB2173731DE008EE46E /* TCSCannedMessage.h */ = {isa = PBXFileReference; fileEncoding = 4; lastKnownFileType = sourcecode.c.h; path = TCSCannedMessage.h; sourceTree = "<group>"; };
		FE7F8CB3173731DE008EE46E /* TCSCannedMessage.m */ = {isa = PBXFileReference; fileEncoding = 4; lastKnownFileType = sourcecode.c.objc; path = TCSCannedMessage.m; sourceTree = "<group>"; };
		FE7F8CB5173731E6008EE46E /* _TCSCannedMessage.h */ = {isa = PBXFileReference; fileEncoding = 4; lastKnownFileType = sourcecode.c.h; path = _TCSCannedMessage.h; sourceTree = "<group>"; };
		FE7F8CB6173731E6008EE46E /* _TCSCannedMessage.m */ = {isa = PBXFileReference; fileEncoding = 4; lastKnownFileType = sourcecode.c.objc; path = _TCSCannedMessage.m; sourceTree = "<group>"; };
		FE7F8CB8173733A2008EE46E /* TCSCommon.h */ = {isa = PBXFileReference; fileEncoding = 4; lastKnownFileType = sourcecode.c.h; path = TCSCommon.h; sourceTree = "<group>"; };
		FE7F8CB9173733A2008EE46E /* TCSCommon.m */ = {isa = PBXFileReference; fileEncoding = 4; lastKnownFileType = sourcecode.c.objc; path = TCSCommon.m; sourceTree = "<group>"; };
		FE7F8CBA173733A2008EE46E /* TCSConstants.h */ = {isa = PBXFileReference; fileEncoding = 4; lastKnownFileType = sourcecode.c.h; path = TCSConstants.h; sourceTree = "<group>"; };
		FE7F8CDE1737E523008EE46E /* TCSUtilities.h */ = {isa = PBXFileReference; fileEncoding = 4; lastKnownFileType = sourcecode.c.h; path = TCSUtilities.h; sourceTree = "<group>"; };
		FE7F8CDF1737E523008EE46E /* TCSUtilities.m */ = {isa = PBXFileReference; fileEncoding = 4; lastKnownFileType = sourcecode.c.objc; path = TCSUtilities.m; sourceTree = "<group>"; };
		FE837DE71735B98500CBD853 /* TCSView.h */ = {isa = PBXFileReference; fileEncoding = 4; lastKnownFileType = sourcecode.c.h; path = TCSView.h; sourceTree = "<group>"; };
		FE837DE81735B98500CBD853 /* TCSView.m */ = {isa = PBXFileReference; fileEncoding = 4; lastKnownFileType = sourcecode.c.objc; path = TCSView.m; sourceTree = "<group>"; };
		FE837DED1736A7A200CBD853 /* TCSAAASetupTests.m */ = {isa = PBXFileReference; fileEncoding = 4; lastKnownFileType = sourcecode.c.objc; path = TCSAAASetupTests.m; sourceTree = "<group>"; };
		FE837DF01736C5BC00CBD853 /* TCSGroup.h */ = {isa = PBXFileReference; fileEncoding = 4; lastKnownFileType = sourcecode.c.h; path = TCSGroup.h; sourceTree = "<group>"; };
		FE837DF11736C5BC00CBD853 /* TCSGroup.m */ = {isa = PBXFileReference; fileEncoding = 4; lastKnownFileType = sourcecode.c.objc; path = TCSGroup.m; sourceTree = "<group>"; };
		FE837DF21736C5BC00CBD853 /* TCSProject.h */ = {isa = PBXFileReference; fileEncoding = 4; lastKnownFileType = sourcecode.c.h; path = TCSProject.h; sourceTree = "<group>"; };
		FE837DF31736C5BC00CBD853 /* TCSProject.m */ = {isa = PBXFileReference; fileEncoding = 4; lastKnownFileType = sourcecode.c.objc; path = TCSProject.m; sourceTree = "<group>"; };
		FE837DF41736C5BC00CBD853 /* TCSTimedEntity.h */ = {isa = PBXFileReference; fileEncoding = 4; lastKnownFileType = sourcecode.c.h; path = TCSTimedEntity.h; sourceTree = "<group>"; };
		FE837DF51736C5BC00CBD853 /* TCSTimedEntity.m */ = {isa = PBXFileReference; fileEncoding = 4; lastKnownFileType = sourcecode.c.objc; path = TCSTimedEntity.m; sourceTree = "<group>"; };
		FE837DF61736C5BC00CBD853 /* TCSTimer.h */ = {isa = PBXFileReference; fileEncoding = 4; lastKnownFileType = sourcecode.c.h; path = TCSTimer.h; sourceTree = "<group>"; };
		FE837DF71736C5BC00CBD853 /* TCSTimer.m */ = {isa = PBXFileReference; fileEncoding = 4; lastKnownFileType = sourcecode.c.objc; path = TCSTimer.m; sourceTree = "<group>"; };
		FE837E001736C5C400CBD853 /* _TCSGroup.h */ = {isa = PBXFileReference; fileEncoding = 4; lastKnownFileType = sourcecode.c.h; path = _TCSGroup.h; sourceTree = "<group>"; };
		FE837E011736C5C400CBD853 /* _TCSGroup.m */ = {isa = PBXFileReference; fileEncoding = 4; lastKnownFileType = sourcecode.c.objc; path = _TCSGroup.m; sourceTree = "<group>"; };
		FE837E021736C5C400CBD853 /* _TCSProject.h */ = {isa = PBXFileReference; fileEncoding = 4; lastKnownFileType = sourcecode.c.h; path = _TCSProject.h; sourceTree = "<group>"; };
		FE837E031736C5C400CBD853 /* _TCSProject.m */ = {isa = PBXFileReference; fileEncoding = 4; lastKnownFileType = sourcecode.c.objc; path = _TCSProject.m; sourceTree = "<group>"; };
		FE837E041736C5C400CBD853 /* _TCSTimedEntity.h */ = {isa = PBXFileReference; fileEncoding = 4; lastKnownFileType = sourcecode.c.h; path = _TCSTimedEntity.h; sourceTree = "<group>"; };
		FE837E051736C5C400CBD853 /* _TCSTimedEntity.m */ = {isa = PBXFileReference; fileEncoding = 4; lastKnownFileType = sourcecode.c.objc; path = _TCSTimedEntity.m; sourceTree = "<group>"; };
		FE837E061736C5C400CBD853 /* _TCSTimer.h */ = {isa = PBXFileReference; fileEncoding = 4; lastKnownFileType = sourcecode.c.h; path = _TCSTimer.h; sourceTree = "<group>"; };
		FE837E071736C5C400CBD853 /* _TCSTimer.m */ = {isa = PBXFileReference; fileEncoding = 4; lastKnownFileType = sourcecode.c.objc; path = _TCSTimer.m; sourceTree = "<group>"; };
		FE837E921736F98C00CBD853 /* TCSDateFormatManager.h */ = {isa = PBXFileReference; fileEncoding = 4; lastKnownFileType = sourcecode.c.h; path = TCSDateFormatManager.h; sourceTree = "<group>"; };
		FE837E931736F98C00CBD853 /* TCSDateFormatManager.m */ = {isa = PBXFileReference; fileEncoding = 4; lastKnownFileType = sourcecode.c.objc; path = TCSDateFormatManager.m; sourceTree = "<group>"; };
		FE837E991736FDEA00CBD853 /* TCSTimerReport.h */ = {isa = PBXFileReference; fileEncoding = 4; lastKnownFileType = sourcecode.c.h; path = TCSTimerReport.h; sourceTree = "<group>"; };
		FE837E9A1736FDEA00CBD853 /* TCSTimerReport.m */ = {isa = PBXFileReference; fileEncoding = 4; lastKnownFileType = sourcecode.c.objc; path = TCSTimerReport.m; sourceTree = "<group>"; };
		FE837E9B1736FDEA00CBD853 /* TCSTimerReportItem.h */ = {isa = PBXFileReference; fileEncoding = 4; lastKnownFileType = sourcecode.c.h; path = TCSTimerReportItem.h; sourceTree = "<group>"; };
		FE837E9C1736FDEA00CBD853 /* TCSTimerReportItem.m */ = {isa = PBXFileReference; fileEncoding = 4; lastKnownFileType = sourcecode.c.objc; path = TCSTimerReportItem.m; sourceTree = "<group>"; };
		FE837EA71737037900CBD853 /* TCSAggregatedTime.h */ = {isa = PBXFileReference; fileEncoding = 4; lastKnownFileType = sourcecode.c.h; path = TCSAggregatedTime.h; sourceTree = "<group>"; };
		FE837EA81737037900CBD853 /* TCSAggregatedTime.m */ = {isa = PBXFileReference; fileEncoding = 4; lastKnownFileType = sourcecode.c.objc; path = TCSAggregatedTime.m; sourceTree = "<group>"; };
		FE9C8001173F07F400005FD8 /* NSError+Utilities.h */ = {isa = PBXFileReference; fileEncoding = 4; lastKnownFileType = sourcecode.c.h; path = "NSError+Utilities.h"; sourceTree = "<group>"; };
		FE9C8002173F07F400005FD8 /* NSError+Utilities.m */ = {isa = PBXFileReference; fileEncoding = 4; lastKnownFileType = sourcecode.c.objc; path = "NSError+Utilities.m"; sourceTree = "<group>"; };
		FE9C8007173F1D4200005FD8 /* TCSParseCannedMessage.h */ = {isa = PBXFileReference; fileEncoding = 4; lastKnownFileType = sourcecode.c.h; path = TCSParseCannedMessage.h; sourceTree = "<group>"; };
		FE9C8008173F1D4200005FD8 /* TCSParseCannedMessage.m */ = {isa = PBXFileReference; fileEncoding = 4; lastKnownFileType = sourcecode.c.objc; path = TCSParseCannedMessage.m; sourceTree = "<group>"; };
		FE9E7714174E2C600035EABE /* TCSParseProviderInstance.h */ = {isa = PBXFileReference; fileEncoding = 4; lastKnownFileType = sourcecode.c.h; path = TCSParseProviderInstance.h; sourceTree = "<group>"; };
		FE9E7715174E2C600035EABE /* TCSParseProviderInstance.m */ = {isa = PBXFileReference; fileEncoding = 4; lastKnownFileType = sourcecode.c.objc; path = TCSParseProviderInstance.m; sourceTree = "<group>"; };
		FE9E7718174E37AF0035EABE /* TCSProviderInstance.h */ = {isa = PBXFileReference; fileEncoding = 4; lastKnownFileType = sourcecode.c.h; path = TCSProviderInstance.h; sourceTree = "<group>"; };
		FE9E7719174E37B00035EABE /* TCSProviderInstance.m */ = {isa = PBXFileReference; fileEncoding = 4; lastKnownFileType = sourcecode.c.objc; path = TCSProviderInstance.m; sourceTree = "<group>"; };
		FE9E771C174E37BA0035EABE /* _TCSProviderInstance.h */ = {isa = PBXFileReference; fileEncoding = 4; lastKnownFileType = sourcecode.c.h; path = _TCSProviderInstance.h; sourceTree = "<group>"; };
		FE9E771D174E37BB0035EABE /* _TCSProviderInstance.m */ = {isa = PBXFileReference; fileEncoding = 4; lastKnownFileType = sourcecode.c.objc; path = _TCSProviderInstance.m; sourceTree = "<group>"; };
		FE9E7725174F07880035EABE /* TCSTimedEntityMetadata.h */ = {isa = PBXFileReference; fileEncoding = 4; lastKnownFileType = sourcecode.c.h; path = TCSTimedEntityMetadata.h; sourceTree = "<group>"; };
		FE9E7726174F07880035EABE /* TCSTimedEntityMetadata.m */ = {isa = PBXFileReference; fileEncoding = 4; lastKnownFileType = sourcecode.c.objc; path = TCSTimedEntityMetadata.m; sourceTree = "<group>"; };
		FE9E7729174F07950035EABE /* _TCSTimedEntityMetadata.h */ = {isa = PBXFileReference; fileEncoding = 4; lastKnownFileType = sourcecode.c.h; path = _TCSTimedEntityMetadata.h; sourceTree = "<group>"; };
		FE9E772A174F07950035EABE /* _TCSTimedEntityMetadata.m */ = {isa = PBXFileReference; fileEncoding = 4; lastKnownFileType = sourcecode.c.objc; path = _TCSTimedEntityMetadata.m; sourceTree = "<group>"; };
		FE9E772D174F087E0035EABE /* TCSParseTimedEntityMetadata.h */ = {isa = PBXFileReference; fileEncoding = 4; lastKnownFileType = sourcecode.c.h; path = TCSParseTimedEntityMetadata.h; sourceTree = "<group>"; };
		FE9E772E174F087F0035EABE /* TCSParseTimedEntityMetadata.m */ = {isa = PBXFileReference; fileEncoding = 4; lastKnownFileType = sourcecode.c.objc; path = TCSParseTimedEntityMetadata.m; sourceTree = "<group>"; };
		FEB316731743A7ED00A6F16D /* TCSParseSystemTime.h */ = {isa = PBXFileReference; fileEncoding = 4; lastKnownFileType = sourcecode.c.h; path = TCSParseSystemTime.h; sourceTree = "<group>"; };
		FEB316741743A7ED00A6F16D /* TCSParseSystemTime.m */ = {isa = PBXFileReference; fileEncoding = 4; lastKnownFileType = sourcecode.c.objc; path = TCSParseSystemTime.m; sourceTree = "<group>"; };
		FEB316761743A8BB00A6F16D /* TCSParseAppConfig.h */ = {isa = PBXFileReference; fileEncoding = 4; lastKnownFileType = sourcecode.c.h; path = TCSParseAppConfig.h; sourceTree = "<group>"; };
		FEB316771743A8BB00A6F16D /* TCSParseAppConfig.m */ = {isa = PBXFileReference; fileEncoding = 4; lastKnownFileType = sourcecode.c.objc; path = TCSParseAppConfig.m; sourceTree = "<group>"; };
		FEBD024C1733D85A00DAB99D /* IntegrationTests.app */ = {isa = PBXFileReference; explicitFileType = wrapper.application; includeInIndex = 0; path = IntegrationTests.app; sourceTree = BUILT_PRODUCTS_DIR; };
		FEBD02521733D85A00DAB99D /* IntegrationTests-Info.plist */ = {isa = PBXFileReference; lastKnownFileType = text.plist.xml; path = "IntegrationTests-Info.plist"; sourceTree = "<group>"; };
		FEBD02541733D85A00DAB99D /* en */ = {isa = PBXFileReference; lastKnownFileType = text.plist.strings; name = en; path = en.lproj/InfoPlist.strings; sourceTree = "<group>"; };
		FEBD02561733D85A00DAB99D /* main.m */ = {isa = PBXFileReference; lastKnownFileType = sourcecode.c.objc; path = main.m; sourceTree = "<group>"; };
		FEBD02581733D85A00DAB99D /* IntegrationTests-Prefix.pch */ = {isa = PBXFileReference; lastKnownFileType = sourcecode.c.h; path = "IntegrationTests-Prefix.pch"; sourceTree = "<group>"; };
		FEBD025C1733D85A00DAB99D /* Default.png */ = {isa = PBXFileReference; lastKnownFileType = image.png; path = Default.png; sourceTree = "<group>"; };
		FEBD025E1733D85A00DAB99D /* Default@2x.png */ = {isa = PBXFileReference; lastKnownFileType = image.png; path = "Default@2x.png"; sourceTree = "<group>"; };
		FEBD02601733D85A00DAB99D /* Default-568h@2x.png */ = {isa = PBXFileReference; lastKnownFileType = image.png; path = "Default-568h@2x.png"; sourceTree = "<group>"; };
		FEBD02671733D9E700DAB99D /* TCSLocalAAAProjectTests.m */ = {isa = PBXFileReference; fileEncoding = 4; lastKnownFileType = sourcecode.c.objc; path = TCSLocalAAAProjectTests.m; sourceTree = "<group>"; };
		FEBD027D1733EBED00DAB99D /* TCSBaseTests.h */ = {isa = PBXFileReference; fileEncoding = 4; lastKnownFileType = sourcecode.c.h; path = TCSBaseTests.h; sourceTree = "<group>"; };
		FEBD027E1733EBED00DAB99D /* TCSBaseTests.m */ = {isa = PBXFileReference; fileEncoding = 4; lastKnownFileType = sourcecode.c.objc; path = TCSBaseTests.m; sourceTree = "<group>"; };
		FEBD02821733EE6A00DAB99D /* TCSLocalBBBTimerTests.m */ = {isa = PBXFileReference; fileEncoding = 4; lastKnownFileType = sourcecode.c.objc; path = TCSLocalBBBTimerTests.m; sourceTree = "<group>"; };
		FEBD02871733EF4200DAB99D /* TCSProjectTests.h */ = {isa = PBXFileReference; fileEncoding = 4; lastKnownFileType = sourcecode.c.h; path = TCSProjectTests.h; sourceTree = "<group>"; };
		FEBD02881733EF4200DAB99D /* TCSProjectTests.m */ = {isa = PBXFileReference; fileEncoding = 4; lastKnownFileType = sourcecode.c.objc; path = TCSProjectTests.m; sourceTree = "<group>"; };
		FEBD028A1733EFE400DAB99D /* TCSTimerTests.h */ = {isa = PBXFileReference; fileEncoding = 4; lastKnownFileType = sourcecode.c.h; path = TCSTimerTests.h; sourceTree = "<group>"; };
		FEBD028B1733EFE400DAB99D /* TCSTimerTests.m */ = {isa = PBXFileReference; fileEncoding = 4; lastKnownFileType = sourcecode.c.objc; path = TCSTimerTests.m; sourceTree = "<group>"; };
		FEBD028F1734853E00DAB99D /* NSDate+Utilities.h */ = {isa = PBXFileReference; fileEncoding = 4; lastKnownFileType = sourcecode.c.h; path = "NSDate+Utilities.h"; sourceTree = "<group>"; };
		FEBD02901734853E00DAB99D /* NSDate+Utilities.m */ = {isa = PBXFileReference; fileEncoding = 4; lastKnownFileType = sourcecode.c.objc; path = "NSDate+Utilities.m"; sourceTree = "<group>"; };
		FEBD029A173487AD00DAB99D /* TCSDefaultProvider.h */ = {isa = PBXFileReference; fileEncoding = 4; lastKnownFileType = sourcecode.c.h; path = TCSDefaultProvider.h; sourceTree = "<group>"; };
		FEBD029B173487AD00DAB99D /* TCSDefaultProvider.m */ = {isa = PBXFileReference; fileEncoding = 4; lastKnownFileType = sourcecode.c.objc; path = TCSDefaultProvider.m; sourceTree = "<group>"; };
		FEBD02A0173487AD00DAB99D /* TCSService.h */ = {isa = PBXFileReference; fileEncoding = 4; lastKnownFileType = sourcecode.c.h; path = TCSService.h; sourceTree = "<group>"; };
		FEBD02A1173487AD00DAB99D /* TCSService.m */ = {isa = PBXFileReference; fileEncoding = 4; lastKnownFileType = sourcecode.c.objc; path = TCSService.m; sourceTree = "<group>"; };
		FEBD02A7173487AE00DAB99D /* TCSDateRange.h */ = {isa = PBXFileReference; fileEncoding = 4; lastKnownFileType = sourcecode.c.h; path = TCSDateRange.h; sourceTree = "<group>"; };
		FEBD02A8173487AE00DAB99D /* TCSDateRange.m */ = {isa = PBXFileReference; fileEncoding = 4; lastKnownFileType = sourcecode.c.objc; path = TCSDateRange.m; sourceTree = "<group>"; };
		FEBD02B1173487DF00DAB99D /* TCSCalendarManager.h */ = {isa = PBXFileReference; fileEncoding = 4; lastKnownFileType = sourcecode.c.h; path = TCSCalendarManager.h; sourceTree = "<group>"; };
		FEBD02B2173487DF00DAB99D /* TCSCalendarManager.m */ = {isa = PBXFileReference; fileEncoding = 4; lastKnownFileType = sourcecode.c.objc; path = TCSCalendarManager.m; sourceTree = "<group>"; };
		FEBD02C41734B9B500DAB99D /* TCSParseService.h */ = {isa = PBXFileReference; fileEncoding = 4; lastKnownFileType = sourcecode.c.h; path = TCSParseService.h; sourceTree = "<group>"; };
		FEBD02C51734B9B500DAB99D /* TCSParseService.m */ = {isa = PBXFileReference; fileEncoding = 4; lastKnownFileType = sourcecode.c.objc; path = TCSParseService.m; sourceTree = "<group>"; };
		FEBD02C81734B9FA00DAB99D /* TCSHarvestService.h */ = {isa = PBXFileReference; fileEncoding = 4; lastKnownFileType = sourcecode.c.h; path = TCSHarvestService.h; sourceTree = "<group>"; };
		FEBD02C91734B9FA00DAB99D /* TCSHarvestService.m */ = {isa = PBXFileReference; fileEncoding = 4; lastKnownFileType = sourcecode.c.objc; path = TCSHarvestService.m; sourceTree = "<group>"; };
		FEBD02CC173518C300DAB99D /* TCSGroupTests.h */ = {isa = PBXFileReference; fileEncoding = 4; lastKnownFileType = sourcecode.c.h; path = TCSGroupTests.h; sourceTree = "<group>"; };
		FEBD02CD173518C300DAB99D /* TCSGroupTests.m */ = {isa = PBXFileReference; fileEncoding = 4; lastKnownFileType = sourcecode.c.objc; path = TCSGroupTests.m; sourceTree = "<group>"; };
		FEBD02D117352B5400DAB99D /* TCSLocalCCCGroupTests.m */ = {isa = PBXFileReference; fileEncoding = 4; lastKnownFileType = sourcecode.c.objc; path = TCSLocalCCCGroupTests.m; sourceTree = "<group>"; };
		FEBD02DC173546AE00DAB99D /* libsqlite3.dylib */ = {isa = PBXFileReference; lastKnownFileType = "compiled.mach-o.dylib"; name = libsqlite3.dylib; path = usr/lib/libsqlite3.dylib; sourceTree = SDKROOT; };
		FEBD02DE173546B600DAB99D /* Social.framework */ = {isa = PBXFileReference; lastKnownFileType = wrapper.framework; name = Social.framework; path = System/Library/Frameworks/Social.framework; sourceTree = SDKROOT; };
		FEBD02E617354A7500DAB99D /* AdSupport.framework */ = {isa = PBXFileReference; lastKnownFileType = wrapper.framework; name = AdSupport.framework; path = System/Library/Frameworks/AdSupport.framework; sourceTree = SDKROOT; };
		FEBD02E817354A8D00DAB99D /* Accounts.framework */ = {isa = PBXFileReference; lastKnownFileType = wrapper.framework; name = Accounts.framework; path = System/Library/Frameworks/Accounts.framework; sourceTree = SDKROOT; };
		FEBD02EC17354AB700DAB99D /* Security.framework */ = {isa = PBXFileReference; lastKnownFileType = wrapper.framework; name = Security.framework; path = System/Library/Frameworks/Security.framework; sourceTree = SDKROOT; };
		FEBD02EF17354CB100DAB99D /* TCSParseTimedEntity.h */ = {isa = PBXFileReference; fileEncoding = 4; lastKnownFileType = sourcecode.c.h; path = TCSParseTimedEntity.h; sourceTree = "<group>"; };
		FEBD02F017354CB100DAB99D /* TCSParseTimedEntity.m */ = {isa = PBXFileReference; fileEncoding = 4; lastKnownFileType = sourcecode.c.objc; path = TCSParseTimedEntity.m; sourceTree = "<group>"; };
		FEBD02F317354CF500DAB99D /* TCSParseGroup.h */ = {isa = PBXFileReference; fileEncoding = 4; lastKnownFileType = sourcecode.c.h; path = TCSParseGroup.h; sourceTree = "<group>"; };
		FEBD02F417354CF500DAB99D /* TCSParseGroup.m */ = {isa = PBXFileReference; fileEncoding = 4; lastKnownFileType = sourcecode.c.objc; path = TCSParseGroup.m; sourceTree = "<group>"; };
		FEBD02F717354D0100DAB99D /* TCSParseProject.h */ = {isa = PBXFileReference; fileEncoding = 4; lastKnownFileType = sourcecode.c.h; path = TCSParseProject.h; sourceTree = "<group>"; };
		FEBD02F817354D0100DAB99D /* TCSParseProject.m */ = {isa = PBXFileReference; fileEncoding = 4; lastKnownFileType = sourcecode.c.objc; path = TCSParseProject.m; sourceTree = "<group>"; };
		FEBD02FB17354D0E00DAB99D /* TCSParseTimer.h */ = {isa = PBXFileReference; fileEncoding = 4; lastKnownFileType = sourcecode.c.h; path = TCSParseTimer.h; sourceTree = "<group>"; };
		FEBD02FC17354D0F00DAB99D /* TCSParseTimer.m */ = {isa = PBXFileReference; fileEncoding = 4; lastKnownFileType = sourcecode.c.objc; path = TCSParseTimer.m; sourceTree = "<group>"; };
		FEBD030017354DF700DAB99D /* TCSParseAAAProjectTests.m */ = {isa = PBXFileReference; fileEncoding = 4; lastKnownFileType = sourcecode.c.objc; path = TCSParseAAAProjectTests.m; sourceTree = "<group>"; };
		FEBD030317354E0700DAB99D /* TCSParseCCCGroupTests.m */ = {isa = PBXFileReference; fileEncoding = 4; lastKnownFileType = sourcecode.c.objc; path = TCSParseCCCGroupTests.m; sourceTree = "<group>"; };
		FEBD030617354E1500DAB99D /* TCSParseBBBTimerTests.m */ = {isa = PBXFileReference; fileEncoding = 4; lastKnownFileType = sourcecode.c.objc; path = TCSParseBBBTimerTests.m; sourceTree = "<group>"; };
		FEBD0308173550DC00DAB99D /* TCSServicePrivate.h */ = {isa = PBXFileReference; lastKnownFileType = sourcecode.c.h; path = TCSServicePrivate.h; sourceTree = "<group>"; };
		FEBD031617355B4C00DAB99D /* Parse.framework */ = {isa = PBXFileReference; lastKnownFileType = wrapper.framework; name = Parse.framework; path = IntegrationTests/Parse.framework; sourceTree = "<group>"; };
		FEBD031817355B6F00DAB99D /* AudioToolbox.framework */ = {isa = PBXFileReference; lastKnownFileType = wrapper.framework; name = AudioToolbox.framework; path = System/Library/Frameworks/AudioToolbox.framework; sourceTree = SDKROOT; };
		FEBD031A17355B7800DAB99D /* CFNetwork.framework */ = {isa = PBXFileReference; lastKnownFileType = wrapper.framework; name = CFNetwork.framework; path = System/Library/Frameworks/CFNetwork.framework; sourceTree = SDKROOT; };
		FEBD031C17355B8700DAB99D /* CoreLocation.framework */ = {isa = PBXFileReference; lastKnownFileType = wrapper.framework; name = CoreLocation.framework; path = System/Library/Frameworks/CoreLocation.framework; sourceTree = SDKROOT; };
		FEBD031E17355B9400DAB99D /* libz.1.1.3.dylib */ = {isa = PBXFileReference; lastKnownFileType = "compiled.mach-o.dylib"; name = libz.1.1.3.dylib; path = usr/lib/libz.1.1.3.dylib; sourceTree = SDKROOT; };
		FEBD032017355B9F00DAB99D /* MobileCoreServices.framework */ = {isa = PBXFileReference; lastKnownFileType = wrapper.framework; name = MobileCoreServices.framework; path = System/Library/Frameworks/MobileCoreServices.framework; sourceTree = SDKROOT; };
		FEBD032217355BB200DAB99D /* StoreKit.framework */ = {isa = PBXFileReference; lastKnownFileType = wrapper.framework; name = StoreKit.framework; path = System/Library/Frameworks/StoreKit.framework; sourceTree = SDKROOT; };
		FEBD032417355BBC00DAB99D /* SystemConfiguration.framework */ = {isa = PBXFileReference; lastKnownFileType = wrapper.framework; name = SystemConfiguration.framework; path = System/Library/Frameworks/SystemConfiguration.framework; sourceTree = SDKROOT; };
		FEBD03281735735800DAB99D /* TCSParseBaseEntity.h */ = {isa = PBXFileReference; fileEncoding = 4; lastKnownFileType = sourcecode.c.h; path = TCSParseBaseEntity.h; sourceTree = "<group>"; };
		FEBD03291735735900DAB99D /* TCSParseBaseEntity.m */ = {isa = PBXFileReference; fileEncoding = 4; lastKnownFileType = sourcecode.c.objc; path = TCSParseBaseEntity.m; sourceTree = "<group>"; };
		FEBEF70A173B299C006D2A7E /* TCSAggregatedTimeList.h */ = {isa = PBXFileReference; fileEncoding = 4; lastKnownFileType = sourcecode.c.h; path = TCSAggregatedTimeList.h; sourceTree = "<group>"; };
		FEBEF70B173B299D006D2A7E /* TCSAggregatedTimeList.m */ = {isa = PBXFileReference; fileEncoding = 4; lastKnownFileType = sourcecode.c.objc; path = TCSAggregatedTimeList.m; sourceTree = "<group>"; };
		FEC3F54B173D74600092D7B1 /* TCSCannedMessageTests.h */ = {isa = PBXFileReference; fileEncoding = 4; lastKnownFileType = sourcecode.c.h; path = TCSCannedMessageTests.h; sourceTree = "<group>"; };
		FEC3F54C173D74600092D7B1 /* TCSCannedMessageTests.m */ = {isa = PBXFileReference; fileEncoding = 4; lastKnownFileType = sourcecode.c.objc; path = TCSCannedMessageTests.m; sourceTree = "<group>"; };
		FEC3F54F173D7C090092D7B1 /* TCSLocalDDDCannedMessageTests.m */ = {isa = PBXFileReference; fileEncoding = 4; lastKnownFileType = sourcecode.c.objc; path = TCSLocalDDDCannedMessageTests.m; sourceTree = "<group>"; };
		FEDAD2E71732E60D0087EB4F /* UberTimeService.app */ = {isa = PBXFileReference; explicitFileType = wrapper.application; includeInIndex = 0; path = UberTimeService.app; sourceTree = BUILT_PRODUCTS_DIR; };
		FEDAD2EA1732E60D0087EB4F /* UIKit.framework */ = {isa = PBXFileReference; lastKnownFileType = wrapper.framework; name = UIKit.framework; path = System/Library/Frameworks/UIKit.framework; sourceTree = SDKROOT; };
		FEDAD2EC1732E60D0087EB4F /* Foundation.framework */ = {isa = PBXFileReference; lastKnownFileType = wrapper.framework; name = Foundation.framework; path = System/Library/Frameworks/Foundation.framework; sourceTree = SDKROOT; };
		FEDAD2EE1732E60D0087EB4F /* CoreGraphics.framework */ = {isa = PBXFileReference; lastKnownFileType = wrapper.framework; name = CoreGraphics.framework; path = System/Library/Frameworks/CoreGraphics.framework; sourceTree = SDKROOT; };
		FEDAD2F21732E60D0087EB4F /* UberTimeService-Info.plist */ = {isa = PBXFileReference; lastKnownFileType = text.plist.xml; path = "UberTimeService-Info.plist"; sourceTree = "<group>"; };
		FEDAD2F41732E60D0087EB4F /* en */ = {isa = PBXFileReference; lastKnownFileType = text.plist.strings; name = en; path = en.lproj/InfoPlist.strings; sourceTree = "<group>"; };
		FEDAD2F61732E60D0087EB4F /* main.m */ = {isa = PBXFileReference; lastKnownFileType = sourcecode.c.objc; path = main.m; sourceTree = "<group>"; };
		FEDAD2F81732E60D0087EB4F /* UberTimeService-Prefix.pch */ = {isa = PBXFileReference; lastKnownFileType = sourcecode.c.h; path = "UberTimeService-Prefix.pch"; sourceTree = "<group>"; };
		FEDAD2F91732E60D0087EB4F /* TCAppDelegate.h */ = {isa = PBXFileReference; lastKnownFileType = sourcecode.c.h; path = TCAppDelegate.h; sourceTree = "<group>"; };
		FEDAD2FA1732E60D0087EB4F /* TCAppDelegate.m */ = {isa = PBXFileReference; lastKnownFileType = sourcecode.c.objc; path = TCAppDelegate.m; sourceTree = "<group>"; };
		FEDAD2FC1732E60D0087EB4F /* Default.png */ = {isa = PBXFileReference; lastKnownFileType = image.png; path = Default.png; sourceTree = "<group>"; };
		FEDAD2FE1732E60D0087EB4F /* Default@2x.png */ = {isa = PBXFileReference; lastKnownFileType = image.png; path = "Default@2x.png"; sourceTree = "<group>"; };
		FEDAD3001732E60D0087EB4F /* Default-568h@2x.png */ = {isa = PBXFileReference; lastKnownFileType = image.png; path = "Default-568h@2x.png"; sourceTree = "<group>"; };
		FEDAD3031732E60D0087EB4F /* en */ = {isa = PBXFileReference; lastKnownFileType = file.storyboard; name = en; path = en.lproj/MainStoryboard.storyboard; sourceTree = "<group>"; };
		FEDAD3051732E60D0087EB4F /* TCViewController.h */ = {isa = PBXFileReference; lastKnownFileType = sourcecode.c.h; path = TCViewController.h; sourceTree = "<group>"; };
		FEDAD3061732E60D0087EB4F /* TCViewController.m */ = {isa = PBXFileReference; lastKnownFileType = sourcecode.c.objc; path = TCViewController.m; sourceTree = "<group>"; };
		FEF8A0D41733225C00C4DCF9 /* TCSLocalService.h */ = {isa = PBXFileReference; fileEncoding = 4; lastKnownFileType = sourcecode.c.h; path = TCSLocalService.h; sourceTree = "<group>"; };
		FEF8A0D51733225C00C4DCF9 /* TCSLocalService.m */ = {isa = PBXFileReference; fileEncoding = 4; lastKnownFileType = sourcecode.c.objc; path = TCSLocalService.m; sourceTree = "<group>"; };
		FEF8A0D71733225C00C4DCF9 /* TCSLocalService.xcdatamodel */ = {isa = PBXFileReference; lastKnownFileType = wrapper.xcdatamodel; path = TCSLocalService.xcdatamodel; sourceTree = "<group>"; };
		FEF8A0DC1733257E00C4DCF9 /* TCSLocalService 2.xcdatamodel */ = {isa = PBXFileReference; lastKnownFileType = wrapper.xcdatamodel; path = "TCSLocalService 2.xcdatamodel"; sourceTree = "<group>"; };
		FEF8A0F11733263100C4DCF9 /* TCSLocalServiceHeaders.h */ = {isa = PBXFileReference; fileEncoding = 4; lastKnownFileType = sourcecode.c.h; path = TCSLocalServiceHeaders.h; sourceTree = "<group>"; };
		FEF8A0F21733265800C4DCF9 /* CoreData.framework */ = {isa = PBXFileReference; lastKnownFileType = wrapper.framework; name = CoreData.framework; path = System/Library/Frameworks/CoreData.framework; sourceTree = SDKROOT; };
		FEF8A0FA17332B4100C4DCF9 /* QuartzCore.framework */ = {isa = PBXFileReference; lastKnownFileType = wrapper.framework; name = QuartzCore.framework; path = System/Library/Frameworks/QuartzCore.framework; sourceTree = SDKROOT; };
		FEF8A1041733D56C00C4DCF9 /* SenTestingKit.framework */ = {isa = PBXFileReference; lastKnownFileType = wrapper.framework; name = SenTestingKit.framework; path = Library/Frameworks/SenTestingKit.framework; sourceTree = DEVELOPER_DIR; };
		FEF8A1061733D56C00C4DCF9 /* Cocoa.framework */ = {isa = PBXFileReference; lastKnownFileType = wrapper.framework; name = Cocoa.framework; path = Library/Frameworks/Cocoa.framework; sourceTree = DEVELOPER_DIR; };
		FEF8A1091733D56C00C4DCF9 /* AppKit.framework */ = {isa = PBXFileReference; lastKnownFileType = wrapper.framework; name = AppKit.framework; path = Library/Frameworks/AppKit.framework; sourceTree = SDKROOT; };
		FEF8A10A1733D56C00C4DCF9 /* CoreData.framework */ = {isa = PBXFileReference; lastKnownFileType = wrapper.framework; name = CoreData.framework; path = Library/Frameworks/CoreData.framework; sourceTree = SDKROOT; };
		FEF8A10B1733D56C00C4DCF9 /* Foundation.framework */ = {isa = PBXFileReference; lastKnownFileType = wrapper.framework; name = Foundation.framework; path = Library/Frameworks/Foundation.framework; sourceTree = SDKROOT; };
/* End PBXFileReference section */

/* Begin PBXFrameworksBuildPhase section */
		FEBD02491733D85A00DAB99D /* Frameworks */ = {
			isa = PBXFrameworksBuildPhase;
			buildActionMask = 2147483647;
			files = (
				FEBD032517355BBC00DAB99D /* SystemConfiguration.framework in Frameworks */,
				FEBD032317355BB200DAB99D /* StoreKit.framework in Frameworks */,
				FEBD032117355B9F00DAB99D /* MobileCoreServices.framework in Frameworks */,
				FEBD031F17355B9400DAB99D /* libz.1.1.3.dylib in Frameworks */,
				FEBD031D17355B8700DAB99D /* CoreLocation.framework in Frameworks */,
				FEBD031B17355B7800DAB99D /* CFNetwork.framework in Frameworks */,
				FEBD031917355B6F00DAB99D /* AudioToolbox.framework in Frameworks */,
				FEBD02651733D98900DAB99D /* QuartzCore.framework in Frameworks */,
				FEBD024D1733D85A00DAB99D /* UIKit.framework in Frameworks */,
				FEBD024E1733D85A00DAB99D /* Foundation.framework in Frameworks */,
				FEBD024F1733D85A00DAB99D /* CoreGraphics.framework in Frameworks */,
				79F7E822255A4F04B2DE77AB /* libPods-IntegrationTests.a in Frameworks */,
				FEBD02E0173546CD00DAB99D /* Social.framework in Frameworks */,
				FEBD02E1173546D300DAB99D /* libsqlite3.dylib in Frameworks */,
				FEBD02EA17354AA100DAB99D /* Accounts.framework in Frameworks */,
				FEBD02EB17354AA500DAB99D /* AdSupport.framework in Frameworks */,
				FEBD02EE17354ABA00DAB99D /* Security.framework in Frameworks */,
				FEBD031717355B4C00DAB99D /* Parse.framework in Frameworks */,
			);
			runOnlyForDeploymentPostprocessing = 0;
		};
		FEDAD2E41732E60D0087EB4F /* Frameworks */ = {
			isa = PBXFrameworksBuildPhase;
			buildActionMask = 2147483647;
			files = (
				FEBD02ED17354AB700DAB99D /* Security.framework in Frameworks */,
				FEBD02E917354A8D00DAB99D /* Accounts.framework in Frameworks */,
				FEBD02E717354A7500DAB99D /* AdSupport.framework in Frameworks */,
				FEBD02DF173546B600DAB99D /* Social.framework in Frameworks */,
				FEBD02DD173546AE00DAB99D /* libsqlite3.dylib in Frameworks */,
				FEF8A0FB17332B4100C4DCF9 /* QuartzCore.framework in Frameworks */,
				FEF8A0F31733265800C4DCF9 /* CoreData.framework in Frameworks */,
				FEDAD2EB1732E60D0087EB4F /* UIKit.framework in Frameworks */,
				FEDAD2ED1732E60D0087EB4F /* Foundation.framework in Frameworks */,
				FEDAD2EF1732E60D0087EB4F /* CoreGraphics.framework in Frameworks */,
				7155735B2001481DA0734471 /* libPods-BasePods.a in Frameworks */,
			);
			runOnlyForDeploymentPostprocessing = 0;
		};
/* End PBXFrameworksBuildPhase section */

/* Begin PBXGroup section */
		FEBD02501733D85A00DAB99D /* IntegrationTests */ = {
			isa = PBXGroup;
			children = (
				FEBD02511733D85A00DAB99D /* Supporting Files */,
				FE837DED1736A7A200CBD853 /* TCSAAASetupTests.m */,
				FEBD02671733D9E700DAB99D /* TCSLocalAAAProjectTests.m */,
				FEBD02821733EE6A00DAB99D /* TCSLocalBBBTimerTests.m */,
				FEBD02D117352B5400DAB99D /* TCSLocalCCCGroupTests.m */,
				FEC3F54F173D7C090092D7B1 /* TCSLocalDDDCannedMessageTests.m */,
				FEBD02871733EF4200DAB99D /* TCSProjectTests.h */,
				FEBD02881733EF4200DAB99D /* TCSProjectTests.m */,
				FEBD028A1733EFE400DAB99D /* TCSTimerTests.h */,
				FEBD028B1733EFE400DAB99D /* TCSTimerTests.m */,
				FEBD02CC173518C300DAB99D /* TCSGroupTests.h */,
				FEBD02CD173518C300DAB99D /* TCSGroupTests.m */,
				FEC3F54B173D74600092D7B1 /* TCSCannedMessageTests.h */,
				FEC3F54C173D74600092D7B1 /* TCSCannedMessageTests.m */,
				FEBD027D1733EBED00DAB99D /* TCSBaseTests.h */,
				FEBD027E1733EBED00DAB99D /* TCSBaseTests.m */,
				FEBD030017354DF700DAB99D /* TCSParseAAAProjectTests.m */,
				FEBD030317354E0700DAB99D /* TCSParseCCCGroupTests.m */,
				FEBD030617354E1500DAB99D /* TCSParseBBBTimerTests.m */,
			);
			name = IntegrationTests;
			path = ../IntegrationTests;
			sourceTree = "<group>";
		};
		FEBD02511733D85A00DAB99D /* Supporting Files */ = {
			isa = PBXGroup;
			children = (
				FEBD02521733D85A00DAB99D /* IntegrationTests-Info.plist */,
				FEBD02531733D85A00DAB99D /* InfoPlist.strings */,
				FEBD02561733D85A00DAB99D /* main.m */,
				FEBD02581733D85A00DAB99D /* IntegrationTests-Prefix.pch */,
				FEBD025C1733D85A00DAB99D /* Default.png */,
				FEBD025E1733D85A00DAB99D /* Default@2x.png */,
				FEBD02601733D85A00DAB99D /* Default-568h@2x.png */,
			);
			name = "Supporting Files";
			sourceTree = "<group>";
		};
		FEBD028E1734853D00DAB99D /* Categories */ = {
			isa = PBXGroup;
			children = (
				FEBD028F1734853E00DAB99D /* NSDate+Utilities.h */,
				FEBD02901734853E00DAB99D /* NSDate+Utilities.m */,
				FE9C8001173F07F400005FD8 /* NSError+Utilities.h */,
				FE9C8002173F07F400005FD8 /* NSError+Utilities.m */,
				FE55454E174BA6B70076C48B /* NSData+Base64.h */,
				FE55454F174BA6B70076C48B /* NSData+Base64.m */,
			);
			path = Categories;
			sourceTree = "<group>";
		};
		FEBD0297173487AC00DAB99D /* UberTimeService */ = {
			isa = PBXGroup;
			children = (
				FEBD029A173487AD00DAB99D /* TCSDefaultProvider.h */,
				FEBD029B173487AD00DAB99D /* TCSDefaultProvider.m */,
				FE55454A174B9B5A0076C48B /* TCSJsonServiceProvider.h */,
				FE55454B174B9B5A0076C48B /* TCSJsonServiceProvider.m */,
				FEBD0308173550DC00DAB99D /* TCSServicePrivate.h */,
				FEBD02A0173487AD00DAB99D /* TCSService.h */,
				FEBD02A1173487AD00DAB99D /* TCSService.m */,
			);
			name = UberTimeService;
			path = TCService;
			sourceTree = "<group>";
		};
		FEBD02A6173487AD00DAB99D /* Utilities */ = {
			isa = PBXGroup;
			children = (
				FE7F8CB8173733A2008EE46E /* TCSCommon.h */,
				FE7F8CB9173733A2008EE46E /* TCSCommon.m */,
				FE7F8CBA173733A2008EE46E /* TCSConstants.h */,
				FE837E991736FDEA00CBD853 /* TCSTimerReport.h */,
				FE837E9A1736FDEA00CBD853 /* TCSTimerReport.m */,
				FE837E9B1736FDEA00CBD853 /* TCSTimerReportItem.h */,
				FE837E9C1736FDEA00CBD853 /* TCSTimerReportItem.m */,
				FE837E921736F98C00CBD853 /* TCSDateFormatManager.h */,
				FE837E931736F98C00CBD853 /* TCSDateFormatManager.m */,
				FEBD02B1173487DF00DAB99D /* TCSCalendarManager.h */,
				FEBD02B2173487DF00DAB99D /* TCSCalendarManager.m */,
				FEBD02A7173487AE00DAB99D /* TCSDateRange.h */,
				FEBD02A8173487AE00DAB99D /* TCSDateRange.m */,
				FE837EA71737037900CBD853 /* TCSAggregatedTime.h */,
				FE837EA81737037900CBD853 /* TCSAggregatedTime.m */,
				FEBEF70A173B299C006D2A7E /* TCSAggregatedTimeList.h */,
				FEBEF70B173B299D006D2A7E /* TCSAggregatedTimeList.m */,
				FE7F8CDE1737E523008EE46E /* TCSUtilities.h */,
				FE7F8CDF1737E523008EE46E /* TCSUtilities.m */,
			);
			path = Utilities;
			sourceTree = "<group>";
		};
		FEDAD2DE1732E60D0087EB4F = {
			isa = PBXGroup;
			children = (
				FEDAD2F01732E60D0087EB4F /* UberTimeService */,
				FEF8A0FD1733D37C00C4DCF9 /* Tests */,
				FEDAD2E91732E60D0087EB4F /* Frameworks */,
				FEDAD2E81732E60D0087EB4F /* Products */,
				E999345D174A464E853C247E /* Pods-BasePods.xcconfig */,
				E1CAE1762EAA41928F4E4B0A /* Pods-OCTests-IntegrationTests.xcconfig */,
				112E1BECF66B45DAA673C505 /* Pods-OCTests-IntegrationTests.xcconfig */,
				57D237F14E1B41D09D7D2585 /* Pods-IntegrationTests.xcconfig */,
			);
			sourceTree = "<group>";
		};
		FEDAD2E81732E60D0087EB4F /* Products */ = {
			isa = PBXGroup;
			children = (
				FEDAD2E71732E60D0087EB4F /* UberTimeService.app */,
				FEBD024C1733D85A00DAB99D /* IntegrationTests.app */,
			);
			name = Products;
			sourceTree = "<group>";
		};
		FEDAD2E91732E60D0087EB4F /* Frameworks */ = {
			isa = PBXGroup;
			children = (
				FEBD032417355BBC00DAB99D /* SystemConfiguration.framework */,
				FEBD032217355BB200DAB99D /* StoreKit.framework */,
				FEBD032017355B9F00DAB99D /* MobileCoreServices.framework */,
				FEBD031E17355B9400DAB99D /* libz.1.1.3.dylib */,
				FEBD031C17355B8700DAB99D /* CoreLocation.framework */,
				FEBD031A17355B7800DAB99D /* CFNetwork.framework */,
				FEBD031817355B6F00DAB99D /* AudioToolbox.framework */,
				FEBD031617355B4C00DAB99D /* Parse.framework */,
				FEBD02EC17354AB700DAB99D /* Security.framework */,
				FEBD02E817354A8D00DAB99D /* Accounts.framework */,
				FEBD02E617354A7500DAB99D /* AdSupport.framework */,
				FEBD02DE173546B600DAB99D /* Social.framework */,
				FEBD02DC173546AE00DAB99D /* libsqlite3.dylib */,
				FEF8A0FA17332B4100C4DCF9 /* QuartzCore.framework */,
				FEF8A0F21733265800C4DCF9 /* CoreData.framework */,
				FEDAD2EA1732E60D0087EB4F /* UIKit.framework */,
				FEDAD2EC1732E60D0087EB4F /* Foundation.framework */,
				FEDAD2EE1732E60D0087EB4F /* CoreGraphics.framework */,
				4CB51A264C2846AD9D3F2A50 /* libPods-BasePods.a */,
				FEF8A1041733D56C00C4DCF9 /* SenTestingKit.framework */,
				FEF8A1061733D56C00C4DCF9 /* Cocoa.framework */,
				FEF8A1081733D56C00C4DCF9 /* Other Frameworks */,
				0711102F27B54C80A3606EBA /* libPods-OCTests-IntegrationTests.a */,
				80DB86CF102642B2A05441EC /* libPods-OCTests-IntegrationTests.a */,
				A161D6FDF95340609138410D /* libPods-IntegrationTests.a */,
			);
			name = Frameworks;
			sourceTree = "<group>";
		};
		FEDAD2F01732E60D0087EB4F /* UberTimeService */ = {
			isa = PBXGroup;
			children = (
				FEBD0297173487AC00DAB99D /* UberTimeService */,
				FEF8A0D11733225C00C4DCF9 /* HarvestService */,
				FEF8A0D21733225C00C4DCF9 /* LocalService */,
				FEF8A0D81733225C00C4DCF9 /* ParseService */,
				FEBD028E1734853D00DAB99D /* Categories */,
				FEBD02A6173487AD00DAB99D /* Utilities */,
				FEDAD2F91732E60D0087EB4F /* TCAppDelegate.h */,
				FEDAD2FA1732E60D0087EB4F /* TCAppDelegate.m */,
				FEDAD3021732E60D0087EB4F /* MainStoryboard.storyboard */,
				FEDAD3051732E60D0087EB4F /* TCViewController.h */,
				FEDAD3061732E60D0087EB4F /* TCViewController.m */,
				FE837DE71735B98500CBD853 /* TCSView.h */,
				FE837DE81735B98500CBD853 /* TCSView.m */,
				FEDAD2F11732E60D0087EB4F /* Supporting Files */,
			);
			path = UberTimeService;
			sourceTree = "<group>";
		};
		FEDAD2F11732E60D0087EB4F /* Supporting Files */ = {
			isa = PBXGroup;
			children = (
				FEDAD2F21732E60D0087EB4F /* UberTimeService-Info.plist */,
				FEDAD2F31732E60D0087EB4F /* InfoPlist.strings */,
				FEDAD2F61732E60D0087EB4F /* main.m */,
				FEDAD2F81732E60D0087EB4F /* UberTimeService-Prefix.pch */,
				FEDAD2FC1732E60D0087EB4F /* Default.png */,
				FEDAD2FE1732E60D0087EB4F /* Default@2x.png */,
				FEDAD3001732E60D0087EB4F /* Default-568h@2x.png */,
			);
			name = "Supporting Files";
			sourceTree = "<group>";
		};
		FEF8A0D11733225C00C4DCF9 /* HarvestService */ = {
			isa = PBXGroup;
			children = (
				FEBD02C81734B9FA00DAB99D /* TCSHarvestService.h */,
				FEBD02C91734B9FA00DAB99D /* TCSHarvestService.m */,
			);
			path = HarvestService;
			sourceTree = "<group>";
		};
		FEF8A0D21733225C00C4DCF9 /* LocalService */ = {
			isa = PBXGroup;
			children = (
				FEF8A0DD173325E300C4DCF9 /* Human */,
				FEF8A0E2173325E300C4DCF9 /* Machine */,
				FEF8A0D61733225C00C4DCF9 /* TCSLocalService.xcdatamodeld */,
				FEF8A0D41733225C00C4DCF9 /* TCSLocalService.h */,
				FEF8A0D51733225C00C4DCF9 /* TCSLocalService.m */,
				FEF8A0F11733263100C4DCF9 /* TCSLocalServiceHeaders.h */,
			);
			path = LocalService;
			sourceTree = "<group>";
		};
		FEF8A0D81733225C00C4DCF9 /* ParseService */ = {
			isa = PBXGroup;
			children = (
				FEBD02C41734B9B500DAB99D /* TCSParseService.h */,
				FEBD02C51734B9B500DAB99D /* TCSParseService.m */,
				FEBD02EF17354CB100DAB99D /* TCSParseTimedEntity.h */,
				FEBD02F017354CB100DAB99D /* TCSParseTimedEntity.m */,
				FEBD02F317354CF500DAB99D /* TCSParseGroup.h */,
				FEBD02F417354CF500DAB99D /* TCSParseGroup.m */,
				FEBD02F717354D0100DAB99D /* TCSParseProject.h */,
				FEBD02F817354D0100DAB99D /* TCSParseProject.m */,
				FE9E772D174F087E0035EABE /* TCSParseTimedEntityMetadata.h */,
				FE9E772E174F087F0035EABE /* TCSParseTimedEntityMetadata.m */,
				FE7E264B175130830084F59D /* TCSParseTimerMetadata.h */,
				FE7E264C175130830084F59D /* TCSParseTimerMetadata.m */,
				FEBD02FB17354D0E00DAB99D /* TCSParseTimer.h */,
				FEBD02FC17354D0F00DAB99D /* TCSParseTimer.m */,
				FE9C8007173F1D4200005FD8 /* TCSParseCannedMessage.h */,
				FE9C8008173F1D4200005FD8 /* TCSParseCannedMessage.m */,
				FE3D1A6B1749120E000A4788 /* TCSParseRemoteCommand.h */,
				FE3D1A6C1749120F000A4788 /* TCSParseRemoteCommand.m */,
				FE9E7714174E2C600035EABE /* TCSParseProviderInstance.h */,
				FE9E7715174E2C600035EABE /* TCSParseProviderInstance.m */,
				FEBD03281735735800DAB99D /* TCSParseBaseEntity.h */,
				FEBD03291735735900DAB99D /* TCSParseBaseEntity.m */,
				FE182E4817525E2000ED1574 /* TCSBaseMetadataEntity.h */,
				FE182E4917525E2000ED1574 /* TCSBaseMetadataEntity.m */,
				FEB316731743A7ED00A6F16D /* TCSParseSystemTime.h */,
				FEB316741743A7ED00A6F16D /* TCSParseSystemTime.m */,
				FEB316761743A8BB00A6F16D /* TCSParseAppConfig.h */,
				FEB316771743A8BB00A6F16D /* TCSParseAppConfig.m */,
			);
			path = ParseService;
			sourceTree = "<group>";
		};
		FEF8A0DD173325E300C4DCF9 /* Human */ = {
			isa = PBXGroup;
			children = (
				FE7F8BE517372D9D008EE46E /* TCSBaseEntity.h */,
				FE7F8BE617372D9D008EE46E /* TCSBaseEntity.m */,
				FE837DF01736C5BC00CBD853 /* TCSGroup.h */,
				FE837DF11736C5BC00CBD853 /* TCSGroup.m */,
				FE837DF21736C5BC00CBD853 /* TCSProject.h */,
				FE837DF31736C5BC00CBD853 /* TCSProject.m */,
				FE837DF41736C5BC00CBD853 /* TCSTimedEntity.h */,
				FE837DF51736C5BC00CBD853 /* TCSTimedEntity.m */,
				FE837DF61736C5BC00CBD853 /* TCSTimer.h */,
				FE837DF71736C5BC00CBD853 /* TCSTimer.m */,
				FE7F8CB2173731DE008EE46E /* TCSCannedMessage.h */,
				FE7F8CB3173731DE008EE46E /* TCSCannedMessage.m */,
				FE3D1A621748FA2A000A4788 /* TCSRemoteCommand.h */,
				FE3D1A631748FA2A000A4788 /* TCSRemoteCommand.m */,
				FE9E7718174E37AF0035EABE /* TCSProviderInstance.h */,
				FE9E7719174E37B00035EABE /* TCSProviderInstance.m */,
				FE9E7725174F07880035EABE /* TCSTimedEntityMetadata.h */,
				FE9E7726174F07880035EABE /* TCSTimedEntityMetadata.m */,
				FE7E264317512B1B0084F59D /* TCSTimerMetadata.h */,
				FE7E264417512B1B0084F59D /* TCSTimerMetadata.m */,
				FE182E4C17525FE800ED1574 /* TCSBaseMetadataEntity.h */,
				FE182E4D17525FE800ED1574 /* TCSBaseMetadataEntity.m */,
			);
			path = Human;
			sourceTree = "<group>";
		};
		FEF8A0E2173325E300C4DCF9 /* Machine */ = {
			isa = PBXGroup;
			children = (
				FE7F8BE817372DA7008EE46E /* _TCSBaseEntity.h */,
				FE7F8BE917372DA7008EE46E /* _TCSBaseEntity.m */,
				FE837E001736C5C400CBD853 /* _TCSGroup.h */,
				FE837E011736C5C400CBD853 /* _TCSGroup.m */,
				FE837E021736C5C400CBD853 /* _TCSProject.h */,
				FE837E031736C5C400CBD853 /* _TCSProject.m */,
				FE837E041736C5C400CBD853 /* _TCSTimedEntity.h */,
				FE837E051736C5C400CBD853 /* _TCSTimedEntity.m */,
				FE837E061736C5C400CBD853 /* _TCSTimer.h */,
				FE837E071736C5C400CBD853 /* _TCSTimer.m */,
				FE7F8CB5173731E6008EE46E /* _TCSCannedMessage.h */,
				FE7F8CB6173731E6008EE46E /* _TCSCannedMessage.m */,
				FE3D1A661748FA32000A4788 /* _TCSRemoteCommand.h */,
				FE3D1A671748FA32000A4788 /* _TCSRemoteCommand.m */,
				FE9E771C174E37BA0035EABE /* _TCSProviderInstance.h */,
				FE9E771D174E37BB0035EABE /* _TCSProviderInstance.m */,
				FE9E7729174F07950035EABE /* _TCSTimedEntityMetadata.h */,
				FE9E772A174F07950035EABE /* _TCSTimedEntityMetadata.m */,
				FE7E264717512B240084F59D /* _TCSTimerMetadata.h */,
				FE7E264817512B240084F59D /* _TCSTimerMetadata.m */,
				FE182E5017525FEF00ED1574 /* _TCSBaseMetadataEntity.h */,
				FE182E5117525FEF00ED1574 /* _TCSBaseMetadataEntity.m */,
			);
			path = Machine;
			sourceTree = "<group>";
		};
		FEF8A0FD1733D37C00C4DCF9 /* Tests */ = {
			isa = PBXGroup;
			children = (
				FEBD02501733D85A00DAB99D /* IntegrationTests */,
			);
			path = Tests;
			sourceTree = SOURCE_ROOT;
		};
		FEF8A1081733D56C00C4DCF9 /* Other Frameworks */ = {
			isa = PBXGroup;
			children = (
				FEF8A1091733D56C00C4DCF9 /* AppKit.framework */,
				FEF8A10A1733D56C00C4DCF9 /* CoreData.framework */,
				FEF8A10B1733D56C00C4DCF9 /* Foundation.framework */,
			);
			name = "Other Frameworks";
			sourceTree = "<group>";
		};
/* End PBXGroup section */

/* Begin PBXNativeTarget section */
		FEBD024B1733D85A00DAB99D /* IntegrationTests */ = {
			isa = PBXNativeTarget;
			buildConfigurationList = FEBD02621733D85A00DAB99D /* Build configuration list for PBXNativeTarget "IntegrationTests" */;
			buildPhases = (
				FEBD02481733D85A00DAB99D /* Sources */,
				FEBD02491733D85A00DAB99D /* Frameworks */,
				FEBD024A1733D85A00DAB99D /* Resources */,
				EE9366FA137F4C149533782D /* Copy Pods Resources */,
			);
			buildRules = (
			);
			dependencies = (
			);
			name = IntegrationTests;
			productName = IntegrationTests;
			productReference = FEBD024C1733D85A00DAB99D /* IntegrationTests.app */;
			productType = "com.apple.product-type.application";
		};
		FEDAD2E61732E60D0087EB4F /* UberTimeService */ = {
			isa = PBXNativeTarget;
			buildConfigurationList = FEDAD30A1732E60D0087EB4F /* Build configuration list for PBXNativeTarget "UberTimeService" */;
			buildPhases = (
				FEDAD2E31732E60D0087EB4F /* Sources */,
				FEDAD2E41732E60D0087EB4F /* Frameworks */,
				FEDAD2E51732E60D0087EB4F /* Resources */,
				E1BF7B7E00644C20ACF2F45C /* Copy Pods Resources */,
			);
			buildRules = (
			);
			dependencies = (
			);
			name = UberTimeService;
			productName = UberTimeService;
			productReference = FEDAD2E71732E60D0087EB4F /* UberTimeService.app */;
			productType = "com.apple.product-type.application";
		};
/* End PBXNativeTarget section */

/* Begin PBXProject section */
		FEDAD2DF1732E60D0087EB4F /* Project object */ = {
			isa = PBXProject;
			attributes = {
				CLASSPREFIX = TCS;
				LastUpgradeCheck = 0460;
				ORGANIZATIONNAME = Pixelbleed;
			};
			buildConfigurationList = FEDAD2E21732E60D0087EB4F /* Build configuration list for PBXProject "UberTimeService" */;
			compatibilityVersion = "Xcode 3.2";
			developmentRegion = English;
			hasScannedForEncodings = 0;
			knownRegions = (
				en,
			);
			mainGroup = FEDAD2DE1732E60D0087EB4F;
			productRefGroup = FEDAD2E81732E60D0087EB4F /* Products */;
			projectDirPath = "";
			projectRoot = "";
			targets = (
				FEDAD2E61732E60D0087EB4F /* UberTimeService */,
				FEBD024B1733D85A00DAB99D /* IntegrationTests */,
			);
		};
/* End PBXProject section */

/* Begin PBXResourcesBuildPhase section */
		FEBD024A1733D85A00DAB99D /* Resources */ = {
			isa = PBXResourcesBuildPhase;
			buildActionMask = 2147483647;
			files = (
				FEBD02551733D85A00DAB99D /* InfoPlist.strings in Resources */,
				FEBD025D1733D85A00DAB99D /* Default.png in Resources */,
				FEBD025F1733D85A00DAB99D /* Default@2x.png in Resources */,
				FEBD02611733D85A00DAB99D /* Default-568h@2x.png in Resources */,
			);
			runOnlyForDeploymentPostprocessing = 0;
		};
		FEDAD2E51732E60D0087EB4F /* Resources */ = {
			isa = PBXResourcesBuildPhase;
			buildActionMask = 2147483647;
			files = (
				FEDAD2F51732E60D0087EB4F /* InfoPlist.strings in Resources */,
				FEDAD2FD1732E60D0087EB4F /* Default.png in Resources */,
				FEDAD2FF1732E60D0087EB4F /* Default@2x.png in Resources */,
				FEDAD3011732E60D0087EB4F /* Default-568h@2x.png in Resources */,
				FEDAD3041732E60D0087EB4F /* MainStoryboard.storyboard in Resources */,
			);
			runOnlyForDeploymentPostprocessing = 0;
		};
/* End PBXResourcesBuildPhase section */

/* Begin PBXShellScriptBuildPhase section */
		E1BF7B7E00644C20ACF2F45C /* Copy Pods Resources */ = {
			isa = PBXShellScriptBuildPhase;
			buildActionMask = 2147483647;
			files = (
			);
			inputPaths = (
			);
			name = "Copy Pods Resources";
			outputPaths = (
			);
			runOnlyForDeploymentPostprocessing = 0;
			shellPath = /bin/sh;
			shellScript = "\"${SRCROOT}/Pods/Pods-BasePods-resources.sh\"\n";
		};
		EE9366FA137F4C149533782D /* Copy Pods Resources */ = {
			isa = PBXShellScriptBuildPhase;
			buildActionMask = 2147483647;
			files = (
			);
			inputPaths = (
			);
			name = "Copy Pods Resources";
			outputPaths = (
			);
			runOnlyForDeploymentPostprocessing = 0;
			shellPath = /bin/sh;
			shellScript = "\"${SRCROOT}/Pods/Pods-IntegrationTests-resources.sh\"\n";
		};
/* End PBXShellScriptBuildPhase section */

/* Begin PBXSourcesBuildPhase section */
		FEBD02481733D85A00DAB99D /* Sources */ = {
			isa = PBXSourcesBuildPhase;
			buildActionMask = 2147483647;
			files = (
				FEBD02571733D85A00DAB99D /* main.m in Sources */,
				FEBD02711733DBDE00DAB99D /* TCSLocalService.m in Sources */,
				FEBD027C1733E64E00DAB99D /* TCSLocalService.xcdatamodeld in Sources */,
				FEBD02801733EC3D00DAB99D /* TCSBaseTests.m in Sources */,
				FEBD02891733EF4200DAB99D /* TCSProjectTests.m in Sources */,
				FEBD028C1733EFE400DAB99D /* TCSTimerTests.m in Sources */,
				FEBD02BA173489C600DAB99D /* NSDate+Utilities.m in Sources */,
				FEBD02BB173489C600DAB99D /* TCSCalendarManager.m in Sources */,
				FEBD02BC173489C600DAB99D /* TCSDateRange.m in Sources */,
				FEBD02BE17348A0C00DAB99D /* TCSDefaultProvider.m in Sources */,
				FEBD02C117348A0C00DAB99D /* TCSService.m in Sources */,
				FEBD02CB1734B9FA00DAB99D /* TCSHarvestService.m in Sources */,
				FEBD02CF173518C400DAB99D /* TCSGroupTests.m in Sources */,
				FEBD02F217354CB100DAB99D /* TCSParseTimedEntity.m in Sources */,
				FEBD02F617354CF600DAB99D /* TCSParseGroup.m in Sources */,
				FEBD02FA17354D0200DAB99D /* TCSParseProject.m in Sources */,
				FEBD02FE17354D0F00DAB99D /* TCSParseTimer.m in Sources */,
				FEBD032B1735735900DAB99D /* TCSParseBaseEntity.m in Sources */,
				FE837DEE1736A7A300CBD853 /* TCSAAASetupTests.m in Sources */,
				FE837DF91736C5BC00CBD853 /* TCSGroup.m in Sources */,
				FE837DFB1736C5BC00CBD853 /* TCSProject.m in Sources */,
				FE837DFD1736C5BC00CBD853 /* TCSTimedEntity.m in Sources */,
				FE837DFF1736C5BC00CBD853 /* TCSTimer.m in Sources */,
				FE837E091736C5C400CBD853 /* _TCSGroup.m in Sources */,
				FE837E0B1736C5C400CBD853 /* _TCSProject.m in Sources */,
				FE837E0D1736C5C400CBD853 /* _TCSTimedEntity.m in Sources */,
				FE837E0F1736C5C400CBD853 /* _TCSTimer.m in Sources */,
				FE837E121736EEE600CBD853 /* TCSLocalAAAProjectTests.m in Sources */,
				FE837E131736EF7000CBD853 /* TCSLocalBBBTimerTests.m in Sources */,
				FE837E141736F03300CBD853 /* TCSLocalCCCGroupTests.m in Sources */,
				FE837E951736F98C00CBD853 /* TCSDateFormatManager.m in Sources */,
				FE837E9E1736FDEA00CBD853 /* TCSTimerReport.m in Sources */,
				FE837EA01736FDEA00CBD853 /* TCSTimerReportItem.m in Sources */,
				FE837EAA1737037900CBD853 /* TCSAggregatedTime.m in Sources */,
				FE7F8BEB17372DC3008EE46E /* TCSBaseEntity.m in Sources */,
				FE7F8BEC17372DC3008EE46E /* _TCSBaseEntity.m in Sources */,
				FE7F8CE11737E623008EE46E /* TCSUtilities.m in Sources */,
				FEBEF70D173B29A0006D2A7E /* TCSAggregatedTimeList.m in Sources */,
				FEC3F54D173D74600092D7B1 /* TCSCannedMessageTests.m in Sources */,
				FEC3F550173D7C090092D7B1 /* TCSLocalDDDCannedMessageTests.m in Sources */,
				FEC3F551173D7D010092D7B1 /* TCSCannedMessage.m in Sources */,
				FEC3F552173D7D060092D7B1 /* _TCSCannedMessage.m in Sources */,
				FE9C8004173F07F400005FD8 /* NSError+Utilities.m in Sources */,
				FE9C8006173F0EC000005FD8 /* TCSParseService.m in Sources */,
				FE9C800A173F1D4300005FD8 /* TCSParseCannedMessage.m in Sources */,
				FE9C800B173F22FD00005FD8 /* TCSCommon.m in Sources */,
				FEB316791743AA3800A6F16D /* TCSParseSystemTime.m in Sources */,
				FE3D1A651748FA2A000A4788 /* TCSRemoteCommand.m in Sources */,
				FE3D1A691748FA32000A4788 /* _TCSRemoteCommand.m in Sources */,
				FE3D1A6A174911E9000A4788 /* TCSParseAppConfig.m in Sources */,
				FE3D1A6E1749120F000A4788 /* TCSParseRemoteCommand.m in Sources */,
				FE55454D174B9B5B0076C48B /* TCSJsonServiceProvider.m in Sources */,
				FE554551174BA6B70076C48B /* NSData+Base64.m in Sources */,
				FE9E7717174E2C610035EABE /* TCSParseProviderInstance.m in Sources */,
				FE9E771B174E37B20035EABE /* TCSProviderInstance.m in Sources */,
				FE9E771F174E37BB0035EABE /* _TCSProviderInstance.m in Sources */,
				FE9E7728174F07880035EABE /* TCSTimedEntityMetadata.m in Sources */,
				FE9E772C174F07950035EABE /* _TCSTimedEntityMetadata.m in Sources */,
				FE9E7730174F087F0035EABE /* TCSParseTimedEntityMetadata.m in Sources */,
				FE7E264617512B1B0084F59D /* TCSTimerMetadata.m in Sources */,
				FE7E264A17512B240084F59D /* _TCSTimerMetadata.m in Sources */,
				FE7E264E175130830084F59D /* TCSParseTimerMetadata.m in Sources */,
				FE182E4B17525E2000ED1574 /* TCSBaseMetadataEntity.m in Sources */,
				FE182E4F17525FE800ED1574 /* TCSBaseMetadataEntity.m in Sources */,
				FE182E5317525FEF00ED1574 /* _TCSBaseMetadataEntity.m in Sources */,
			);
			runOnlyForDeploymentPostprocessing = 0;
		};
		FEDAD2E31732E60D0087EB4F /* Sources */ = {
			isa = PBXSourcesBuildPhase;
			buildActionMask = 2147483647;
			files = (
				FEDAD2F71732E60D0087EB4F /* main.m in Sources */,
				FEDAD2FB1732E60D0087EB4F /* TCAppDelegate.m in Sources */,
				FEDAD3071732E60D0087EB4F /* TCViewController.m in Sources */,
				FEF8A0DA1733225C00C4DCF9 /* TCSLocalService.m in Sources */,
				FEF8A0DB1733225C00C4DCF9 /* TCSLocalService.xcdatamodeld in Sources */,
				FEBD02911734853E00DAB99D /* NSDate+Utilities.m in Sources */,
				FEBD02AA173487AE00DAB99D /* TCSDefaultProvider.m in Sources */,
				FEBD02AD173487AE00DAB99D /* TCSService.m in Sources */,
				FEBD02B0173487AE00DAB99D /* TCSDateRange.m in Sources */,
				FEBD02B3173487DF00DAB99D /* TCSCalendarManager.m in Sources */,
				FEBD02CA1734B9FA00DAB99D /* TCSHarvestService.m in Sources */,
				FEBD02F117354CB100DAB99D /* TCSParseTimedEntity.m in Sources */,
				FEBD02F517354CF600DAB99D /* TCSParseGroup.m in Sources */,
				FEBD02F917354D0200DAB99D /* TCSParseProject.m in Sources */,
				FEBD02FD17354D0F00DAB99D /* TCSParseTimer.m in Sources */,
				FEBD032A1735735900DAB99D /* TCSParseBaseEntity.m in Sources */,
				FE837DE91735B98500CBD853 /* TCSView.m in Sources */,
				FE837DF81736C5BC00CBD853 /* TCSGroup.m in Sources */,
				FE837DFA1736C5BC00CBD853 /* TCSProject.m in Sources */,
				FE837DFC1736C5BC00CBD853 /* TCSTimedEntity.m in Sources */,
				FE837DFE1736C5BC00CBD853 /* TCSTimer.m in Sources */,
				FE837E081736C5C400CBD853 /* _TCSGroup.m in Sources */,
				FE837E0A1736C5C400CBD853 /* _TCSProject.m in Sources */,
				FE837E0C1736C5C400CBD853 /* _TCSTimedEntity.m in Sources */,
				FE837E0E1736C5C400CBD853 /* _TCSTimer.m in Sources */,
				FE837E941736F98C00CBD853 /* TCSDateFormatManager.m in Sources */,
				FE837E9D1736FDEA00CBD853 /* TCSTimerReport.m in Sources */,
				FE837E9F1736FDEA00CBD853 /* TCSTimerReportItem.m in Sources */,
				FE837EA91737037900CBD853 /* TCSAggregatedTime.m in Sources */,
				FE7F8BE717372D9D008EE46E /* TCSBaseEntity.m in Sources */,
				FE7F8BEA17372DA7008EE46E /* _TCSBaseEntity.m in Sources */,
				FE7F8CB4173731DF008EE46E /* TCSCannedMessage.m in Sources */,
				FE7F8CB7173731E6008EE46E /* _TCSCannedMessage.m in Sources */,
				FE7F8CBB173733A2008EE46E /* TCSCommon.m in Sources */,
				FE7F8CE01737E523008EE46E /* TCSUtilities.m in Sources */,
				FEBEF70C173B299D006D2A7E /* TCSAggregatedTimeList.m in Sources */,
				FE9C8003173F07F400005FD8 /* NSError+Utilities.m in Sources */,
				FE9C8005173F0EC000005FD8 /* TCSParseService.m in Sources */,
				FE9C8009173F1D4300005FD8 /* TCSParseCannedMessage.m in Sources */,
				FEB316751743A7ED00A6F16D /* TCSParseSystemTime.m in Sources */,
				FEB316781743A8BB00A6F16D /* TCSParseAppConfig.m in Sources */,
				FE3D1A641748FA2A000A4788 /* TCSRemoteCommand.m in Sources */,
				FE3D1A681748FA32000A4788 /* _TCSRemoteCommand.m in Sources */,
				FE3D1A6D1749120F000A4788 /* TCSParseRemoteCommand.m in Sources */,
				FE55454C174B9B5B0076C48B /* TCSJsonServiceProvider.m in Sources */,
				FE554550174BA6B70076C48B /* NSData+Base64.m in Sources */,
				FE9E7716174E2C610035EABE /* TCSParseProviderInstance.m in Sources */,
				FE9E771A174E37B20035EABE /* TCSProviderInstance.m in Sources */,
				FE9E771E174E37BB0035EABE /* _TCSProviderInstance.m in Sources */,
				FE9E7727174F07880035EABE /* TCSTimedEntityMetadata.m in Sources */,
				FE9E772B174F07950035EABE /* _TCSTimedEntityMetadata.m in Sources */,
				FE9E772F174F087F0035EABE /* TCSParseTimedEntityMetadata.m in Sources */,
				FE7E264517512B1B0084F59D /* TCSTimerMetadata.m in Sources */,
				FE7E264917512B240084F59D /* _TCSTimerMetadata.m in Sources */,
				FE7E264D175130830084F59D /* TCSParseTimerMetadata.m in Sources */,
				FE182E4A17525E2000ED1574 /* TCSBaseMetadataEntity.m in Sources */,
				FE182E4E17525FE800ED1574 /* TCSBaseMetadataEntity.m in Sources */,
				FE182E5217525FEF00ED1574 /* _TCSBaseMetadataEntity.m in Sources */,
			);
			runOnlyForDeploymentPostprocessing = 0;
		};
/* End PBXSourcesBuildPhase section */

/* Begin PBXVariantGroup section */
		FEBD02531733D85A00DAB99D /* InfoPlist.strings */ = {
			isa = PBXVariantGroup;
			children = (
				FEBD02541733D85A00DAB99D /* en */,
			);
			name = InfoPlist.strings;
			sourceTree = "<group>";
		};
		FEDAD2F31732E60D0087EB4F /* InfoPlist.strings */ = {
			isa = PBXVariantGroup;
			children = (
				FEDAD2F41732E60D0087EB4F /* en */,
			);
			name = InfoPlist.strings;
			sourceTree = "<group>";
		};
		FEDAD3021732E60D0087EB4F /* MainStoryboard.storyboard */ = {
			isa = PBXVariantGroup;
			children = (
				FEDAD3031732E60D0087EB4F /* en */,
			);
			name = MainStoryboard.storyboard;
			sourceTree = "<group>";
		};
/* End PBXVariantGroup section */

/* Begin XCBuildConfiguration section */
		FEBD02631733D85A00DAB99D /* Debug */ = {
			isa = XCBuildConfiguration;
			baseConfigurationReference = 57D237F14E1B41D09D7D2585 /* Pods-IntegrationTests.xcconfig */;
			buildSettings = {
				"CODE_SIGN_IDENTITY[sdk=iphoneos*]" = "iPhone Developer";
				FRAMEWORK_SEARCH_PATHS = (
					"$(inherited)",
					"\"$(SRCROOT)/IntegrationTests\"",
				);
				GCC_PRECOMPILE_PREFIX_HEADER = YES;
				GCC_PREFIX_HEADER = "IntegrationTests/IntegrationTests-Prefix.pch";
				GCC_PREPROCESSOR_DEFINITIONS = (
					"DEBUG=1",
					"$(inherited)",
					"IntegrationTests=1",
				);
				INFOPLIST_FILE = "IntegrationTests/IntegrationTests-Info.plist";
				OTHER_LDFLAGS = (
					"-ObjC",
					"-framework",
					CoreData,
					"-all_load",
				);
				PRODUCT_NAME = "$(TARGET_NAME)";
				WRAPPER_EXTENSION = app;
			};
			name = Debug;
		};
		FEBD02641733D85A00DAB99D /* Release */ = {
			isa = XCBuildConfiguration;
			baseConfigurationReference = 57D237F14E1B41D09D7D2585 /* Pods-IntegrationTests.xcconfig */;
			buildSettings = {
				"CODE_SIGN_IDENTITY[sdk=iphoneos*]" = "iPhone Developer";
				FRAMEWORK_SEARCH_PATHS = (
					"$(inherited)",
					"\"$(SRCROOT)/IntegrationTests\"",
				);
				GCC_PRECOMPILE_PREFIX_HEADER = YES;
				GCC_PREFIX_HEADER = "IntegrationTests/IntegrationTests-Prefix.pch";
				INFOPLIST_FILE = "IntegrationTests/IntegrationTests-Info.plist";
				OTHER_LDFLAGS = (
					"-ObjC",
					"-framework",
					CoreData,
					"-all_load",
				);
				PRODUCT_NAME = "$(TARGET_NAME)";
				WRAPPER_EXTENSION = app;
			};
			name = Release;
		};
		FEDAD3081732E60D0087EB4F /* Debug */ = {
			isa = XCBuildConfiguration;
			buildSettings = {
				ALWAYS_SEARCH_USER_PATHS = NO;
				CLANG_CXX_LANGUAGE_STANDARD = "gnu++0x";
				CLANG_CXX_LIBRARY = "libc++";
				CLANG_ENABLE_OBJC_ARC = YES;
				CLANG_WARN_CONSTANT_CONVERSION = YES;
				CLANG_WARN_EMPTY_BODY = YES;
				CLANG_WARN_ENUM_CONVERSION = YES;
				CLANG_WARN_INT_CONVERSION = YES;
				CLANG_WARN__DUPLICATE_METHOD_MATCH = YES;
				"CODE_SIGN_IDENTITY[sdk=iphoneos*]" = "iPhone Developer";
				COPY_PHASE_STRIP = NO;
				GCC_C_LANGUAGE_STANDARD = gnu99;
				GCC_DYNAMIC_NO_PIC = NO;
				GCC_OPTIMIZATION_LEVEL = 0;
				GCC_PREPROCESSOR_DEFINITIONS = (
					"DEBUG=1",
					"$(inherited)",
				);
				GCC_SYMBOLS_PRIVATE_EXTERN = NO;
				GCC_WARN_ABOUT_RETURN_TYPE = YES;
				GCC_WARN_UNINITIALIZED_AUTOS = YES;
				GCC_WARN_UNUSED_VARIABLE = YES;
				IPHONEOS_DEPLOYMENT_TARGET = 6.1;
				ONLY_ACTIVE_ARCH = YES;
				SDKROOT = iphoneos;
			};
			name = Debug;
		};
		FEDAD3091732E60D0087EB4F /* Release */ = {
			isa = XCBuildConfiguration;
			buildSettings = {
				ALWAYS_SEARCH_USER_PATHS = NO;
				CLANG_CXX_LANGUAGE_STANDARD = "gnu++0x";
				CLANG_CXX_LIBRARY = "libc++";
				CLANG_ENABLE_OBJC_ARC = YES;
				CLANG_WARN_CONSTANT_CONVERSION = YES;
				CLANG_WARN_EMPTY_BODY = YES;
				CLANG_WARN_ENUM_CONVERSION = YES;
				CLANG_WARN_INT_CONVERSION = YES;
				CLANG_WARN__DUPLICATE_METHOD_MATCH = YES;
				"CODE_SIGN_IDENTITY[sdk=iphoneos*]" = "iPhone Developer";
				COPY_PHASE_STRIP = YES;
				GCC_C_LANGUAGE_STANDARD = gnu99;
				GCC_WARN_ABOUT_RETURN_TYPE = YES;
				GCC_WARN_UNINITIALIZED_AUTOS = YES;
				GCC_WARN_UNUSED_VARIABLE = YES;
				IPHONEOS_DEPLOYMENT_TARGET = 6.1;
				OTHER_CFLAGS = "-DNS_BLOCK_ASSERTIONS=1";
				SDKROOT = iphoneos;
				VALIDATE_PRODUCT = YES;
			};
			name = Release;
		};
		FEDAD30B1732E60D0087EB4F /* Debug */ = {
			isa = XCBuildConfiguration;
			baseConfigurationReference = E999345D174A464E853C247E /* Pods-BasePods.xcconfig */;
			buildSettings = {
				GCC_PRECOMPILE_PREFIX_HEADER = YES;
				GCC_PREFIX_HEADER = "UberTimeService/UberTimeService-Prefix.pch";
				INFOPLIST_FILE = "UberTimeService/UberTimeService-Info.plist";
				PRODUCT_NAME = "$(TARGET_NAME)";
				WRAPPER_EXTENSION = app;
			};
			name = Debug;
		};
		FEDAD30C1732E60D0087EB4F /* Release */ = {
			isa = XCBuildConfiguration;
			baseConfigurationReference = E999345D174A464E853C247E /* Pods-BasePods.xcconfig */;
			buildSettings = {
				GCC_PRECOMPILE_PREFIX_HEADER = YES;
				GCC_PREFIX_HEADER = "UberTimeService/UberTimeService-Prefix.pch";
				INFOPLIST_FILE = "UberTimeService/UberTimeService-Info.plist";
				PRODUCT_NAME = "$(TARGET_NAME)";
				WRAPPER_EXTENSION = app;
			};
			name = Release;
		};
/* End XCBuildConfiguration section */

/* Begin XCConfigurationList section */
		FEBD02621733D85A00DAB99D /* Build configuration list for PBXNativeTarget "IntegrationTests" */ = {
			isa = XCConfigurationList;
			buildConfigurations = (
				FEBD02631733D85A00DAB99D /* Debug */,
				FEBD02641733D85A00DAB99D /* Release */,
			);
			defaultConfigurationIsVisible = 0;
			defaultConfigurationName = Release;
		};
		FEDAD2E21732E60D0087EB4F /* Build configuration list for PBXProject "UberTimeService" */ = {
			isa = XCConfigurationList;
			buildConfigurations = (
				FEDAD3081732E60D0087EB4F /* Debug */,
				FEDAD3091732E60D0087EB4F /* Release */,
			);
			defaultConfigurationIsVisible = 0;
			defaultConfigurationName = Release;
		};
		FEDAD30A1732E60D0087EB4F /* Build configuration list for PBXNativeTarget "UberTimeService" */ = {
			isa = XCConfigurationList;
			buildConfigurations = (
				FEDAD30B1732E60D0087EB4F /* Debug */,
				FEDAD30C1732E60D0087EB4F /* Release */,
			);
			defaultConfigurationIsVisible = 0;
			defaultConfigurationName = Release;
		};
/* End XCConfigurationList section */

/* Begin XCVersionGroup section */
		FEF8A0D61733225C00C4DCF9 /* TCSLocalService.xcdatamodeld */ = {
			isa = XCVersionGroup;
			children = (
				FEF8A0DC1733257E00C4DCF9 /* TCSLocalService 2.xcdatamodel */,
				FEF8A0D71733225C00C4DCF9 /* TCSLocalService.xcdatamodel */,
			);
			currentVersion = FEF8A0DC1733257E00C4DCF9 /* TCSLocalService 2.xcdatamodel */;
			path = TCSLocalService.xcdatamodeld;
			sourceTree = "<group>";
			versionGroupType = wrapper.xcdatamodel;
		};
/* End XCVersionGroup section */
	};
	rootObject = FEDAD2DF1732E60D0087EB4F /* Project object */;
}
